// !$*UTF8*$!
{
	archiveVersion = 1;
	classes = {
	};
	objectVersion = 50;
	objects = {

/* Begin PBXBuildFile section */
		45002FC0209E4DCC00DF9A49 /* products.json in Resources */ = {isa = PBXBuildFile; fileRef = 45002FBF209E4DCC00DF9A49 /* products.json */; };
		45002FC2209E4E1E00DF9A49 /* ThumbnailTableViewController.swift in Sources */ = {isa = PBXBuildFile; fileRef = 45002FC1209E4E1E00DF9A49 /* ThumbnailTableViewController.swift */; };
		45002FC4209E56F300DF9A49 /* DetailViewController.swift in Sources */ = {isa = PBXBuildFile; fileRef = 45002FC3209E56F300DF9A49 /* DetailViewController.swift */; };
		457174E320951AA700CF260C /* AppDelegate.swift in Sources */ = {isa = PBXBuildFile; fileRef = 457174E220951AA700CF260C /* AppDelegate.swift */; };
		457174E520951AA700CF260C /* ViewController.swift in Sources */ = {isa = PBXBuildFile; fileRef = 457174E420951AA700CF260C /* ViewController.swift */; };
		457174EA20951AA900CF260C /* Assets.xcassets in Resources */ = {isa = PBXBuildFile; fileRef = 457174E920951AA900CF260C /* Assets.xcassets */; };
		457174ED20951AA900CF260C /* LaunchScreen.storyboard in Resources */ = {isa = PBXBuildFile; fileRef = 457174EB20951AA900CF260C /* LaunchScreen.storyboard */; };
		457174F820951AA900CF260C /* Hplus_ProductsTests.swift in Sources */ = {isa = PBXBuildFile; fileRef = 457174F720951AA900CF260C /* Hplus_ProductsTests.swift */; };
		4571750320951AA900CF260C /* Hplus_ProductsUITests.swift in Sources */ = {isa = PBXBuildFile; fileRef = 4571750220951AA900CF260C /* Hplus_ProductsUITests.swift */; };
		4571751120951F9200CF260C /* Product.swift in Sources */ = {isa = PBXBuildFile; fileRef = 4571751020951F9200CF260C /* Product.swift */; };
		457175132095206D00CF260C /* Page.swift in Sources */ = {isa = PBXBuildFile; fileRef = 457175122095206D00CF260C /* Page.swift */; };
		459FD1E32095239500F1365B /* TableViewSubtitleCell.swift in Sources */ = {isa = PBXBuildFile; fileRef = 459FD1E22095239500F1365B /* TableViewSubtitleCell.swift */; };
/* End PBXBuildFile section */

/* Begin PBXContainerItemProxy section */
		457174F420951AA900CF260C /* PBXContainerItemProxy */ = {
			isa = PBXContainerItemProxy;
			containerPortal = 457174D720951AA600CF260C /* Project object */;
			proxyType = 1;
			remoteGlobalIDString = 457174DE20951AA700CF260C;
			remoteInfo = Hplus_Products;
		};
		457174FF20951AA900CF260C /* PBXContainerItemProxy */ = {
			isa = PBXContainerItemProxy;
			containerPortal = 457174D720951AA600CF260C /* Project object */;
			proxyType = 1;
			remoteGlobalIDString = 457174DE20951AA700CF260C;
			remoteInfo = Hplus_Products;
		};
/* End PBXContainerItemProxy section */

/* Begin PBXFileReference section */
		45002FBF209E4DCC00DF9A49 /* products.json */ = {isa = PBXFileReference; fileEncoding = 4; lastKnownFileType = text.json; path = products.json; sourceTree = "<group>"; };
		45002FC1209E4E1E00DF9A49 /* ThumbnailTableViewController.swift */ = {isa = PBXFileReference; lastKnownFileType = sourcecode.swift; path = ThumbnailTableViewController.swift; sourceTree = "<group>"; };
		45002FC3209E56F300DF9A49 /* DetailViewController.swift */ = {isa = PBXFileReference; lastKnownFileType = sourcecode.swift; path = DetailViewController.swift; sourceTree = "<group>"; };
		457174DF20951AA700CF260C /* Hplus_Products.app */ = {isa = PBXFileReference; explicitFileType = wrapper.application; includeInIndex = 0; path = Hplus_Products.app; sourceTree = BUILT_PRODUCTS_DIR; };
		457174E220951AA700CF260C /* AppDelegate.swift */ = {isa = PBXFileReference; lastKnownFileType = sourcecode.swift; path = AppDelegate.swift; sourceTree = "<group>"; };
		457174E420951AA700CF260C /* ViewController.swift */ = {isa = PBXFileReference; lastKnownFileType = sourcecode.swift; path = ViewController.swift; sourceTree = "<group>"; };
		457174E920951AA900CF260C /* Assets.xcassets */ = {isa = PBXFileReference; lastKnownFileType = folder.assetcatalog; path = Assets.xcassets; sourceTree = "<group>"; };
		457174EC20951AA900CF260C /* Base */ = {isa = PBXFileReference; lastKnownFileType = file.storyboard; name = Base; path = Base.lproj/LaunchScreen.storyboard; sourceTree = "<group>"; };
		457174EE20951AA900CF260C /* Info.plist */ = {isa = PBXFileReference; lastKnownFileType = text.plist.xml; path = Info.plist; sourceTree = "<group>"; };
		457174F320951AA900CF260C /* Hplus_ProductsTests.xctest */ = {isa = PBXFileReference; explicitFileType = wrapper.cfbundle; includeInIndex = 0; path = Hplus_ProductsTests.xctest; sourceTree = BUILT_PRODUCTS_DIR; };
		457174F720951AA900CF260C /* Hplus_ProductsTests.swift */ = {isa = PBXFileReference; lastKnownFileType = sourcecode.swift; path = Hplus_ProductsTests.swift; sourceTree = "<group>"; };
		457174F920951AA900CF260C /* Info.plist */ = {isa = PBXFileReference; lastKnownFileType = text.plist.xml; path = Info.plist; sourceTree = "<group>"; };
		457174FE20951AA900CF260C /* Hplus_ProductsUITests.xctest */ = {isa = PBXFileReference; explicitFileType = wrapper.cfbundle; includeInIndex = 0; path = Hplus_ProductsUITests.xctest; sourceTree = BUILT_PRODUCTS_DIR; };
		4571750220951AA900CF260C /* Hplus_ProductsUITests.swift */ = {isa = PBXFileReference; lastKnownFileType = sourcecode.swift; path = Hplus_ProductsUITests.swift; sourceTree = "<group>"; };
		4571750420951AA900CF260C /* Info.plist */ = {isa = PBXFileReference; lastKnownFileType = text.plist.xml; path = Info.plist; sourceTree = "<group>"; };
		4571751020951F9200CF260C /* Product.swift */ = {isa = PBXFileReference; lastKnownFileType = sourcecode.swift; path = Product.swift; sourceTree = "<group>"; };
		457175122095206D00CF260C /* Page.swift */ = {isa = PBXFileReference; lastKnownFileType = sourcecode.swift; path = Page.swift; sourceTree = "<group>"; };
		459FD1E22095239500F1365B /* TableViewSubtitleCell.swift */ = {isa = PBXFileReference; lastKnownFileType = sourcecode.swift; path = TableViewSubtitleCell.swift; sourceTree = "<group>"; };
/* End PBXFileReference section */

/* Begin PBXFrameworksBuildPhase section */
		457174DC20951AA700CF260C /* Frameworks */ = {
			isa = PBXFrameworksBuildPhase;
			buildActionMask = 2147483647;
			files = (
			);
			runOnlyForDeploymentPostprocessing = 0;
		};
		457174F020951AA900CF260C /* Frameworks */ = {
			isa = PBXFrameworksBuildPhase;
			buildActionMask = 2147483647;
			files = (
			);
			runOnlyForDeploymentPostprocessing = 0;
		};
		457174FB20951AA900CF260C /* Frameworks */ = {
			isa = PBXFrameworksBuildPhase;
			buildActionMask = 2147483647;
			files = (
			);
			runOnlyForDeploymentPostprocessing = 0;
		};
/* End PBXFrameworksBuildPhase section */

/* Begin PBXGroup section */
		45002FBE209E4D3D00DF9A49 /* Resource */ = {
			isa = PBXGroup;
			children = (
				45002FBF209E4DCC00DF9A49 /* products.json */,
			);
			path = Resource;
			sourceTree = "<group>";
		};
		457174D620951AA600CF260C = {
			isa = PBXGroup;
			children = (
				45002FBE209E4D3D00DF9A49 /* Resource */,
				457174E120951AA700CF260C /* Hplus_Products */,
				457174F620951AA900CF260C /* Hplus_ProductsTests */,
				4571750120951AA900CF260C /* Hplus_ProductsUITests */,
				457174E020951AA700CF260C /* Products */,
			);
			sourceTree = "<group>";
		};
		457174E020951AA700CF260C /* Products */ = {
			isa = PBXGroup;
			children = (
				457174DF20951AA700CF260C /* Hplus_Products.app */,
				457174F320951AA900CF260C /* Hplus_ProductsTests.xctest */,
				457174FE20951AA900CF260C /* Hplus_ProductsUITests.xctest */,
			);
			name = Products;
			sourceTree = "<group>";
		};
		457174E120951AA700CF260C /* Hplus_Products */ = {
			isa = PBXGroup;
			children = (
				457174E220951AA700CF260C /* AppDelegate.swift */,
				457174E420951AA700CF260C /* ViewController.swift */,
				459FD1E22095239500F1365B /* TableViewSubtitleCell.swift */,
				45002FC1209E4E1E00DF9A49 /* ThumbnailTableViewController.swift */,
				45002FC3209E56F300DF9A49 /* DetailViewController.swift */,
				4571751020951F9200CF260C /* Product.swift */,
				457175122095206D00CF260C /* Page.swift */,
				457174E920951AA900CF260C /* Assets.xcassets */,
				457174EB20951AA900CF260C /* LaunchScreen.storyboard */,
				457174EE20951AA900CF260C /* Info.plist */,
			);
			path = Hplus_Products;
			sourceTree = "<group>";
		};
		457174F620951AA900CF260C /* Hplus_ProductsTests */ = {
			isa = PBXGroup;
			children = (
				457174F720951AA900CF260C /* Hplus_ProductsTests.swift */,
				457174F920951AA900CF260C /* Info.plist */,
			);
			path = Hplus_ProductsTests;
			sourceTree = "<group>";
		};
		4571750120951AA900CF260C /* Hplus_ProductsUITests */ = {
			isa = PBXGroup;
			children = (
				4571750220951AA900CF260C /* Hplus_ProductsUITests.swift */,
				4571750420951AA900CF260C /* Info.plist */,
			);
			path = Hplus_ProductsUITests;
			sourceTree = "<group>";
		};
/* End PBXGroup section */

/* Begin PBXNativeTarget section */
		457174DE20951AA700CF260C /* Hplus_Products */ = {
			isa = PBXNativeTarget;
			buildConfigurationList = 4571750720951AA900CF260C /* Build configuration list for PBXNativeTarget "Hplus_Products" */;
			buildPhases = (
				457174DB20951AA700CF260C /* Sources */,
				457174DC20951AA700CF260C /* Frameworks */,
				457174DD20951AA700CF260C /* Resources */,
			);
			buildRules = (
			);
			dependencies = (
			);
			name = Hplus_Products;
			productName = Hplus_Products;
			productReference = 457174DF20951AA700CF260C /* Hplus_Products.app */;
			productType = "com.apple.product-type.application";
		};
		457174F220951AA900CF260C /* Hplus_ProductsTests */ = {
			isa = PBXNativeTarget;
			buildConfigurationList = 4571750A20951AA900CF260C /* Build configuration list for PBXNativeTarget "Hplus_ProductsTests" */;
			buildPhases = (
				457174EF20951AA900CF260C /* Sources */,
				457174F020951AA900CF260C /* Frameworks */,
				457174F120951AA900CF260C /* Resources */,
			);
			buildRules = (
			);
			dependencies = (
				457174F520951AA900CF260C /* PBXTargetDependency */,
			);
			name = Hplus_ProductsTests;
			productName = Hplus_ProductsTests;
			productReference = 457174F320951AA900CF260C /* Hplus_ProductsTests.xctest */;
			productType = "com.apple.product-type.bundle.unit-test";
		};
		457174FD20951AA900CF260C /* Hplus_ProductsUITests */ = {
			isa = PBXNativeTarget;
			buildConfigurationList = 4571750D20951AA900CF260C /* Build configuration list for PBXNativeTarget "Hplus_ProductsUITests" */;
			buildPhases = (
				457174FA20951AA900CF260C /* Sources */,
				457174FB20951AA900CF260C /* Frameworks */,
				457174FC20951AA900CF260C /* Resources */,
			);
			buildRules = (
			);
			dependencies = (
				4571750020951AA900CF260C /* PBXTargetDependency */,
			);
			name = Hplus_ProductsUITests;
			productName = Hplus_ProductsUITests;
			productReference = 457174FE20951AA900CF260C /* Hplus_ProductsUITests.xctest */;
			productType = "com.apple.product-type.bundle.ui-testing";
		};
/* End PBXNativeTarget section */

/* Begin PBXProject section */
		457174D720951AA600CF260C /* Project object */ = {
			isa = PBXProject;
			attributes = {
				LastSwiftUpdateCheck = 0930;
				LastUpgradeCheck = 0930;
				ORGANIZATIONNAME = "Daniel Kong";
				TargetAttributes = {
					457174DE20951AA700CF260C = {
						CreatedOnToolsVersion = 9.3;
					};
					457174F220951AA900CF260C = {
						CreatedOnToolsVersion = 9.3;
						TestTargetID = 457174DE20951AA700CF260C;
					};
					457174FD20951AA900CF260C = {
						CreatedOnToolsVersion = 9.3;
						TestTargetID = 457174DE20951AA700CF260C;
					};
				};
			};
			buildConfigurationList = 457174DA20951AA600CF260C /* Build configuration list for PBXProject "Hplus_Products" */;
			compatibilityVersion = "Xcode 9.3";
			developmentRegion = en;
			hasScannedForEncodings = 0;
			knownRegions = (
				en,
				Base,
			);
			mainGroup = 457174D620951AA600CF260C;
			productRefGroup = 457174E020951AA700CF260C /* Products */;
			projectDirPath = "";
			projectRoot = "";
			targets = (
				457174DE20951AA700CF260C /* Hplus_Products */,
				457174F220951AA900CF260C /* Hplus_ProductsTests */,
				457174FD20951AA900CF260C /* Hplus_ProductsUITests */,
			);
		};
/* End PBXProject section */

/* Begin PBXResourcesBuildPhase section */
		457174DD20951AA700CF260C /* Resources */ = {
			isa = PBXResourcesBuildPhase;
			buildActionMask = 2147483647;
			files = (
				45002FC0209E4DCC00DF9A49 /* products.json in Resources */,
				457174ED20951AA900CF260C /* LaunchScreen.storyboard in Resources */,
				457174EA20951AA900CF260C /* Assets.xcassets in Resources */,
			);
			runOnlyForDeploymentPostprocessing = 0;
		};
		457174F120951AA900CF260C /* Resources */ = {
			isa = PBXResourcesBuildPhase;
			buildActionMask = 2147483647;
			files = (
			);
			runOnlyForDeploymentPostprocessing = 0;
		};
		457174FC20951AA900CF260C /* Resources */ = {
			isa = PBXResourcesBuildPhase;
			buildActionMask = 2147483647;
			files = (
			);
			runOnlyForDeploymentPostprocessing = 0;
		};
/* End PBXResourcesBuildPhase section */

/* Begin PBXSourcesBuildPhase section */
		457174DB20951AA700CF260C /* Sources */ = {
			isa = PBXSourcesBuildPhase;
			buildActionMask = 2147483647;
			files = (
				457174E520951AA700CF260C /* ViewController.swift in Sources */,
				459FD1E32095239500F1365B /* TableViewSubtitleCell.swift in Sources */,
				457174E320951AA700CF260C /* AppDelegate.swift in Sources */,
				457175132095206D00CF260C /* Page.swift in Sources */,
				45002FC2209E4E1E00DF9A49 /* ThumbnailTableViewController.swift in Sources */,
				4571751120951F9200CF260C /* Product.swift in Sources */,
				45002FC4209E56F300DF9A49 /* DetailViewController.swift in Sources */,
			);
			runOnlyForDeploymentPostprocessing = 0;
		};
		457174EF20951AA900CF260C /* Sources */ = {
			isa = PBXSourcesBuildPhase;
			buildActionMask = 2147483647;
			files = (
				457174F820951AA900CF260C /* Hplus_ProductsTests.swift in Sources */,
			);
			runOnlyForDeploymentPostprocessing = 0;
		};
		457174FA20951AA900CF260C /* Sources */ = {
			isa = PBXSourcesBuildPhase;
			buildActionMask = 2147483647;
			files = (
				4571750320951AA900CF260C /* Hplus_ProductsUITests.swift in Sources */,
			);
			runOnlyForDeploymentPostprocessing = 0;
		};
/* End PBXSourcesBuildPhase section */

/* Begin PBXTargetDependency section */
		457174F520951AA900CF260C /* PBXTargetDependency */ = {
			isa = PBXTargetDependency;
			target = 457174DE20951AA700CF260C /* Hplus_Products */;
			targetProxy = 457174F420951AA900CF260C /* PBXContainerItemProxy */;
		};
		4571750020951AA900CF260C /* PBXTargetDependency */ = {
			isa = PBXTargetDependency;
			target = 457174DE20951AA700CF260C /* Hplus_Products */;
			targetProxy = 457174FF20951AA900CF260C /* PBXContainerItemProxy */;
		};
/* End PBXTargetDependency section */

/* Begin PBXVariantGroup section */
		457174EB20951AA900CF260C /* LaunchScreen.storyboard */ = {
			isa = PBXVariantGroup;
			children = (
				457174EC20951AA900CF260C /* Base */,
			);
			name = LaunchScreen.storyboard;
			sourceTree = "<group>";
		};
/* End PBXVariantGroup section */

/* Begin XCBuildConfiguration section */
		4571750520951AA900CF260C /* Debug */ = {
			isa = XCBuildConfiguration;
			buildSettings = {
				ALWAYS_SEARCH_USER_PATHS = NO;
				CLANG_ANALYZER_NONNULL = YES;
				CLANG_ANALYZER_NUMBER_OBJECT_CONVERSION = YES_AGGRESSIVE;
				CLANG_CXX_LANGUAGE_STANDARD = "gnu++14";
				CLANG_CXX_LIBRARY = "libc++";
				CLANG_ENABLE_MODULES = YES;
				CLANG_ENABLE_OBJC_ARC = YES;
				CLANG_ENABLE_OBJC_WEAK = YES;
				CLANG_WARN_BLOCK_CAPTURE_AUTORELEASING = YES;
				CLANG_WARN_BOOL_CONVERSION = YES;
				CLANG_WARN_COMMA = YES;
				CLANG_WARN_CONSTANT_CONVERSION = YES;
				CLANG_WARN_DEPRECATED_OBJC_IMPLEMENTATIONS = YES;
				CLANG_WARN_DIRECT_OBJC_ISA_USAGE = YES_ERROR;
				CLANG_WARN_DOCUMENTATION_COMMENTS = YES;
				CLANG_WARN_EMPTY_BODY = YES;
				CLANG_WARN_ENUM_CONVERSION = YES;
				CLANG_WARN_INFINITE_RECURSION = YES;
				CLANG_WARN_INT_CONVERSION = YES;
				CLANG_WARN_NON_LITERAL_NULL_CONVERSION = YES;
				CLANG_WARN_OBJC_IMPLICIT_RETAIN_SELF = YES;
				CLANG_WARN_OBJC_LITERAL_CONVERSION = YES;
				CLANG_WARN_OBJC_ROOT_CLASS = YES_ERROR;
				CLANG_WARN_RANGE_LOOP_ANALYSIS = YES;
				CLANG_WARN_STRICT_PROTOTYPES = YES;
				CLANG_WARN_SUSPICIOUS_MOVE = YES;
				CLANG_WARN_UNGUARDED_AVAILABILITY = YES_AGGRESSIVE;
				CLANG_WARN_UNREACHABLE_CODE = YES;
				CLANG_WARN__DUPLICATE_METHOD_MATCH = YES;
				CODE_SIGN_IDENTITY = "iPhone Developer";
				COPY_PHASE_STRIP = NO;
				DEBUG_INFORMATION_FORMAT = dwarf;
				ENABLE_STRICT_OBJC_MSGSEND = YES;
				ENABLE_TESTABILITY = YES;
				GCC_C_LANGUAGE_STANDARD = gnu11;
				GCC_DYNAMIC_NO_PIC = NO;
				GCC_NO_COMMON_BLOCKS = YES;
				GCC_OPTIMIZATION_LEVEL = 0;
				GCC_PREPROCESSOR_DEFINITIONS = (
					"DEBUG=1",
					"$(inherited)",
				);
				GCC_WARN_64_TO_32_BIT_CONVERSION = YES;
				GCC_WARN_ABOUT_RETURN_TYPE = YES_ERROR;
				GCC_WARN_UNDECLARED_SELECTOR = YES;
				GCC_WARN_UNINITIALIZED_AUTOS = YES_AGGRESSIVE;
				GCC_WARN_UNUSED_FUNCTION = YES;
				GCC_WARN_UNUSED_VARIABLE = YES;
				IBSC_FLATTEN_NIBS = NO;
				IPHONEOS_DEPLOYMENT_TARGET = 11.3;
				MTL_ENABLE_DEBUG_INFO = YES;
				ONLY_ACTIVE_ARCH = YES;
				SDKROOT = iphoneos;
				SWIFT_ACTIVE_COMPILATION_CONDITIONS = DEBUG;
				SWIFT_OPTIMIZATION_LEVEL = "-Onone";
			};
			name = Debug;
		};
		4571750620951AA900CF260C /* Release */ = {
			isa = XCBuildConfiguration;
			buildSettings = {
				ALWAYS_SEARCH_USER_PATHS = NO;
				CLANG_ANALYZER_NONNULL = YES;
				CLANG_ANALYZER_NUMBER_OBJECT_CONVERSION = YES_AGGRESSIVE;
				CLANG_CXX_LANGUAGE_STANDARD = "gnu++14";
				CLANG_CXX_LIBRARY = "libc++";
				CLANG_ENABLE_MODULES = YES;
				CLANG_ENABLE_OBJC_ARC = YES;
				CLANG_ENABLE_OBJC_WEAK = YES;
				CLANG_WARN_BLOCK_CAPTURE_AUTORELEASING = YES;
				CLANG_WARN_BOOL_CONVERSION = YES;
				CLANG_WARN_COMMA = YES;
				CLANG_WARN_CONSTANT_CONVERSION = YES;
				CLANG_WARN_DEPRECATED_OBJC_IMPLEMENTATIONS = YES;
				CLANG_WARN_DIRECT_OBJC_ISA_USAGE = YES_ERROR;
				CLANG_WARN_DOCUMENTATION_COMMENTS = YES;
				CLANG_WARN_EMPTY_BODY = YES;
				CLANG_WARN_ENUM_CONVERSION = YES;
				CLANG_WARN_INFINITE_RECURSION = YES;
				CLANG_WARN_INT_CONVERSION = YES;
				CLANG_WARN_NON_LITERAL_NULL_CONVERSION = YES;
				CLANG_WARN_OBJC_IMPLICIT_RETAIN_SELF = YES;
				CLANG_WARN_OBJC_LITERAL_CONVERSION = YES;
				CLANG_WARN_OBJC_ROOT_CLASS = YES_ERROR;
				CLANG_WARN_RANGE_LOOP_ANALYSIS = YES;
				CLANG_WARN_STRICT_PROTOTYPES = YES;
				CLANG_WARN_SUSPICIOUS_MOVE = YES;
				CLANG_WARN_UNGUARDED_AVAILABILITY = YES_AGGRESSIVE;
				CLANG_WARN_UNREACHABLE_CODE = YES;
				CLANG_WARN__DUPLICATE_METHOD_MATCH = YES;
				CODE_SIGN_IDENTITY = "iPhone Developer";
				COPY_PHASE_STRIP = NO;
				DEBUG_INFORMATION_FORMAT = "dwarf-with-dsym";
				ENABLE_NS_ASSERTIONS = NO;
				ENABLE_STRICT_OBJC_MSGSEND = YES;
				GCC_C_LANGUAGE_STANDARD = gnu11;
				GCC_NO_COMMON_BLOCKS = YES;
				GCC_WARN_64_TO_32_BIT_CONVERSION = YES;
				GCC_WARN_ABOUT_RETURN_TYPE = YES_ERROR;
				GCC_WARN_UNDECLARED_SELECTOR = YES;
				GCC_WARN_UNINITIALIZED_AUTOS = YES_AGGRESSIVE;
				GCC_WARN_UNUSED_FUNCTION = YES;
				GCC_WARN_UNUSED_VARIABLE = YES;
				IBSC_FLATTEN_NIBS = NO;
				IPHONEOS_DEPLOYMENT_TARGET = 11.3;
				MTL_ENABLE_DEBUG_INFO = NO;
				SDKROOT = iphoneos;
				SWIFT_COMPILATION_MODE = wholemodule;
				SWIFT_OPTIMIZATION_LEVEL = "-O";
				VALIDATE_PRODUCT = YES;
			};
			name = Release;
		};
		4571750820951AA900CF260C /* Debug */ = {
			isa = XCBuildConfiguration;
			buildSettings = {
				ASSETCATALOG_COMPILER_APPICON_NAME = AppIcon;
				CODE_SIGN_STYLE = Automatic;
				DEVELOPMENT_TEAM = H7YKRRPU95;
				IBSC_FLATTEN_NIBS = NO;
				INFOPLIST_FILE = Hplus_Products/Info.plist;
				LD_RUNPATH_SEARCH_PATHS = (
					"$(inherited)",
					"@executable_path/Frameworks",
				);
				PRODUCT_BUNDLE_IDENTIFIER = "com.dkong.Hplus-Products";
				PRODUCT_NAME = "$(TARGET_NAME)";
				SWIFT_VERSION = 4.0;
				TARGETED_DEVICE_FAMILY = "1,2";
			};
			name = Debug;
		};
		4571750920951AA900CF260C /* Release */ = {
			isa = XCBuildConfiguration;
			buildSettings = {
				ASSETCATALOG_COMPILER_APPICON_NAME = AppIcon;
				CODE_SIGN_STYLE = Automatic;
				DEVELOPMENT_TEAM = H7YKRRPU95;
				IBSC_FLATTEN_NIBS = NO;
				INFOPLIST_FILE = Hplus_Products/Info.plist;
				LD_RUNPATH_SEARCH_PATHS = (
					"$(inherited)",
					"@executable_path/Frameworks",
				);
				PRODUCT_BUNDLE_IDENTIFIER = "com.dkong.Hplus-Products";
				PRODUCT_NAME = "$(TARGET_NAME)";
				SWIFT_VERSION = 4.0;
				TARGETED_DEVICE_FAMILY = "1,2";
			};
			name = Release;
		};
		4571750B20951AA900CF260C /* Debug */ = {
			isa = XCBuildConfiguration;
			buildSettings = {
				ALWAYS_EMBED_SWIFT_STANDARD_LIBRARIES = YES;
				BUNDLE_LOADER = "$(TEST_HOST)";
				CODE_SIGN_STYLE = Automatic;
				DEVELOPMENT_TEAM = H7YKRRPU95;
				INFOPLIST_FILE = Hplus_ProductsTests/Info.plist;
				LD_RUNPATH_SEARCH_PATHS = (
					"$(inherited)",
					"@executable_path/Frameworks",
					"@loader_path/Frameworks",
				);
				PRODUCT_BUNDLE_IDENTIFIER = "com.dkong.Hplus-ProductsTests";
				PRODUCT_NAME = "$(TARGET_NAME)";
				SWIFT_VERSION = 4.0;
				TARGETED_DEVICE_FAMILY = "1,2";
				TEST_HOST = "$(BUILT_PRODUCTS_DIR)/Hplus_Products.app/Hplus_Products";
			};
			name = Debug;
		};
		4571750C20951AA900CF260C /* Release */ = {
			isa = XCBuildConfiguration;
			buildSettings = {
				ALWAYS_EMBED_SWIFT_STANDARD_LIBRARIES = YES;
				BUNDLE_LOADER = "$(TEST_HOST)";
				CODE_SIGN_STYLE = Automatic;
				DEVELOPMENT_TEAM = H7YKRRPU95;
				INFOPLIST_FILE = Hplus_ProductsTests/Info.plist;
				LD_RUNPATH_SEARCH_PATHS = (
					"$(inherited)",
					"@executable_path/Frameworks",
					"@loader_path/Frameworks",
				);
				PRODUCT_BUNDLE_IDENTIFIER = "com.dkong.Hplus-ProductsTests";
				PRODUCT_NAME = "$(TARGET_NAME)";
				SWIFT_VERSION = 4.0;
				TARGETED_DEVICE_FAMILY = "1,2";
				TEST_HOST = "$(BUILT_PRODUCTS_DIR)/Hplus_Products.app/Hplus_Products";
			};
			name = Release;
		};
		4571750E20951AA900CF260C /* Debug */ = {
			isa = XCBuildConfiguration;
			buildSettings = {
				ALWAYS_EMBED_SWIFT_STANDARD_LIBRARIES = YES;
				CODE_SIGN_STYLE = Automatic;
				DEVELOPMENT_TEAM = H7YKRRPU95;
				INFOPLIST_FILE = Hplus_ProductsUITests/Info.plist;
				LD_RUNPATH_SEARCH_PATHS = (
					"$(inherited)",
					"@executable_path/Frameworks",
					"@loader_path/Frameworks",
				);
				PRODUCT_BUNDLE_IDENTIFIER = "com.dkong.Hplus-ProductsUITests";
				PRODUCT_NAME = "$(TARGET_NAME)";
				SWIFT_VERSION = 4.0;
				TARGETED_DEVICE_FAMILY = "1,2";
				TEST_TARGET_NAME = Hplus_Products;
			};
			name = Debug;
		};
		4571750F20951AA900CF260C /* Release */ = {
			isa = XCBuildConfiguration;
			buildSettings = {
				ALWAYS_EMBED_SWIFT_STANDARD_LIBRARIES = YES;
				CODE_SIGN_STYLE = Automatic;
				DEVELOPMENT_TEAM = H7YKRRPU95;
				INFOPLIST_FILE = Hplus_ProductsUITests/Info.plist;
				LD_RUNPATH_SEARCH_PATHS = (
					"$(inherited)",
					"@executable_path/Frameworks",
					"@loader_path/Frameworks",
				);
				PRODUCT_BUNDLE_IDENTIFIER = "com.dkong.Hplus-ProductsUITests";
				PRODUCT_NAME = "$(TARGET_NAME)";
				SWIFT_VERSION = 4.0;
				TARGETED_DEVICE_FAMILY = "1,2";
				TEST_TARGET_NAME = Hplus_Products;
			};
			name = Release;
		};
/* End XCBuildConfiguration section */

/* Begin XCConfigurationList section */
		457174DA20951AA600CF260C /* Build configuration list for PBXProject "Hplus_Products" */ = {
			isa = XCConfigurationList;
			buildConfigurations = (
				4571750520951AA900CF260C /* Debug */,
				4571750620951AA900CF260C /* Release */,
			);
			defaultConfigurationIsVisible = 0;
			defaultConfigurationName = Release;
		};
		4571750720951AA900CF260C /* Build configuration list for PBXNativeTarget "Hplus_Products" */ = {
			isa = XCConfigurationList;
			buildConfigurations = (
				4571750820951AA900CF260C /* Debug */,
				4571750920951AA900CF260C /* Release */,
			);
			defaultConfigurationIsVisible = 0;
			defaultConfigurationName = Release;
		};
		4571750A20951AA900CF260C /* Build configuration list for PBXNativeTarget "Hplus_ProductsTests" */ = {
			isa = XCConfigurationList;
			buildConfigurations = (
				4571750B20951AA900CF260C /* Debug */,
				4571750C20951AA900CF260C /* Release */,
			);
			defaultConfigurationIsVisible = 0;
			defaultConfigurationName = Release;
		};
		4571750D20951AA900CF260C /* Build configuration list for PBXNativeTarget "Hplus_ProductsUITests" */ = {
			isa = XCConfigurationList;
			buildConfigurations = (
				4571750E20951AA900CF260C /* Debug */,
				4571750F20951AA900CF260C /* Release */,
			);
			defaultConfigurationIsVisible = 0;
			defaultConfigurationName = Release;
		};
/* End XCConfigurationList section */
	};
	rootObject = 457174D720951AA600CF260C /* Project object */;
}
