// !$*UTF8*$!
{
	archiveVersion = 1;
	classes = {
	};
	objectVersion = 48;
	objects = {

/* Begin PBXBuildFile section */
		45201E492061B182008546E8 /* DetailViewController.swift in Sources */ = {isa = PBXBuildFile; fileRef = 45201E482061B181008546E8 /* DetailViewController.swift */; };
		45201E4B2061BF62008546E8 /* BaseClientAPI.swift in Sources */ = {isa = PBXBuildFile; fileRef = 45201E4A2061BF62008546E8 /* BaseClientAPI.swift */; };
		45201E4D20621710008546E8 /* TMDBClient.swift in Sources */ = {isa = PBXBuildFile; fileRef = 45201E4C20621710008546E8 /* TMDBClient.swift */; };
		452B5541205B815000CF8B05 /* PageCell.swift in Sources */ = {isa = PBXBuildFile; fileRef = 452B5540205B815000CF8B05 /* PageCell.swift */; };
		452B5543205B866400CF8B05 /* Page.swift in Sources */ = {isa = PBXBuildFile; fileRef = 452B5542205B866400CF8B05 /* Page.swift */; };
		453A170E2089010F0024135C /* TouchViewController.swift in Sources */ = {isa = PBXBuildFile; fileRef = 453A170D2089010F0024135C /* TouchViewController.swift */; };
		454D3FA1205B0DAC00B8777B /* TabBarController.swift in Sources */ = {isa = PBXBuildFile; fileRef = 454D3FA0205B0DAC00B8777B /* TabBarController.swift */; };
		454D3FA3205B0FDD00B8777B /* CustomizedCollectionViewController.swift in Sources */ = {isa = PBXBuildFile; fileRef = 454D3FA2205B0FDD00B8777B /* CustomizedCollectionViewController.swift */; };
		454D3FA5205B1C6100B8777B /* CustomizedCollectionViewCell.swift in Sources */ = {isa = PBXBuildFile; fileRef = 454D3FA4205B1C6100B8777B /* CustomizedCollectionViewCell.swift */; };
		454D3FA7205B2F2700B8777B /* DefaultPagingCollectionViewController.swift in Sources */ = {isa = PBXBuildFile; fileRef = 454D3FA6205B2F2700B8777B /* DefaultPagingCollectionViewController.swift */; };
		454D4CBF20718AE800F652EA /* DefaultHeaderFooterCollectionViewController.swift in Sources */ = {isa = PBXBuildFile; fileRef = 454D4CBE20718AE800F652EA /* DefaultHeaderFooterCollectionViewController.swift */; };
		454D4CC320718E6500F652EA /* UserCell.swift in Sources */ = {isa = PBXBuildFile; fileRef = 454D4CC220718E6500F652EA /* UserCell.swift */; };
		454D4CCC2071AC1C00F652EA /* ColletionViewHeaderCell.swift in Sources */ = {isa = PBXBuildFile; fileRef = 454D4CCB2071AC1C00F652EA /* ColletionViewHeaderCell.swift */; };
		454D4CCE2071B5CC00F652EA /* User.swift in Sources */ = {isa = PBXBuildFile; fileRef = 454D4CCD2071B5CC00F652EA /* User.swift */; };
		45511B0A2071F6C4009363B1 /* DefaultTableViewController.swift in Sources */ = {isa = PBXBuildFile; fileRef = 45511B092071F6C4009363B1 /* DefaultTableViewController.swift */; };
		45511B0C2071F99C009363B1 /* CustomTableViewCell.swift in Sources */ = {isa = PBXBuildFile; fileRef = 45511B0B2071F99C009363B1 /* CustomTableViewCell.swift */; };
		45511B0E20720B1B009363B1 /* CollectionViewFooterCell.swift in Sources */ = {isa = PBXBuildFile; fileRef = 45511B0D20720B1B009363B1 /* CollectionViewFooterCell.swift */; };
		45511B102072229E009363B1 /* TweetCell.swift in Sources */ = {isa = PBXBuildFile; fileRef = 45511B0F2072229E009363B1 /* TweetCell.swift */; };
		45511B1220722D13009363B1 /* Tweet.swift in Sources */ = {isa = PBXBuildFile; fileRef = 45511B1120722D13009363B1 /* Tweet.swift */; };
		45654ADE2063953400F27582 /* FlickrListViewController.swift in Sources */ = {isa = PBXBuildFile; fileRef = 45654ADD2063953400F27582 /* FlickrListViewController.swift */; };
		45654AE0206397F900F27582 /* Monkey.swift in Sources */ = {isa = PBXBuildFile; fileRef = 45654ADF206397F900F27582 /* Monkey.swift */; };
		45654AE22064469400F27582 /* MonkeyCell.swift in Sources */ = {isa = PBXBuildFile; fileRef = 45654AE12064469400F27582 /* MonkeyCell.swift */; };
		45654AE42064C35400F27582 /* FlickrConstants.swift in Sources */ = {isa = PBXBuildFile; fileRef = 45654AE32064C35400F27582 /* FlickrConstants.swift */; };
		45DA53BC2073257F00FE17BA /* Service.swift in Sources */ = {isa = PBXBuildFile; fileRef = 45DA53BB2073257F00FE17BA /* Service.swift */; };
		45DA53C02073FDDC00FE17BA /* CachedImageView.swift in Sources */ = {isa = PBXBuildFile; fileRef = 45DA53BF2073FDDC00FE17BA /* CachedImageView.swift */; };
		45DA53C22074151400FE17BA /* WebsiteRoot.swift in Sources */ = {isa = PBXBuildFile; fileRef = 45DA53C12074151400FE17BA /* WebsiteRoot.swift */; };
		45DA53C520749F2900FE17BA /* DefaultImageTableViewController.swift in Sources */ = {isa = PBXBuildFile; fileRef = 45DA53C420749F2900FE17BA /* DefaultImageTableViewController.swift */; };
		45DA53C720749F9800FE17BA /* APIService.swift in Sources */ = {isa = PBXBuildFile; fileRef = 45DA53C620749F9800FE17BA /* APIService.swift */; };
		45DA53C92074A40400FE17BA /* RootFlickrModel.swift in Sources */ = {isa = PBXBuildFile; fileRef = 45DA53C82074A40400FE17BA /* RootFlickrModel.swift */; };
		45DA53CB2074A44F00FE17BA /* PhotoListModel.swift in Sources */ = {isa = PBXBuildFile; fileRef = 45DA53CA2074A44F00FE17BA /* PhotoListModel.swift */; };
		45DA53CD2074A49A00FE17BA /* PhotoModel.swift in Sources */ = {isa = PBXBuildFile; fileRef = 45DA53CC2074A49A00FE17BA /* PhotoModel.swift */; };
		45DA53CF2074AA5900FE17BA /* DefaultImageDetailViewController.swift in Sources */ = {isa = PBXBuildFile; fileRef = 45DA53CE2074AA5900FE17BA /* DefaultImageDetailViewController.swift */; };
		45DA53D120756B4E00FE17BA /* CustomImageTableViewCell.swift in Sources */ = {isa = PBXBuildFile; fileRef = 45DA53D020756B4E00FE17BA /* CustomImageTableViewCell.swift */; };
		45E0A3B72058F22600435F51 /* AppDelegate.swift in Sources */ = {isa = PBXBuildFile; fileRef = 45E0A3B62058F22600435F51 /* AppDelegate.swift */; };
		45E0A3B92058F22600435F51 /* TableViewController.swift in Sources */ = {isa = PBXBuildFile; fileRef = 45E0A3B82058F22600435F51 /* TableViewController.swift */; };
		45E0A3BC2058F22600435F51 /* Main.storyboard in Resources */ = {isa = PBXBuildFile; fileRef = 45E0A3BA2058F22600435F51 /* Main.storyboard */; };
		45E0A3BE2058F22600435F51 /* Assets.xcassets in Resources */ = {isa = PBXBuildFile; fileRef = 45E0A3BD2058F22600435F51 /* Assets.xcassets */; };
		45E0A3C12058F22600435F51 /* LaunchScreen.storyboard in Resources */ = {isa = PBXBuildFile; fileRef = 45E0A3BF2058F22600435F51 /* LaunchScreen.storyboard */; };
		45E0A3CC2058F22600435F51 /* flickrTests.swift in Sources */ = {isa = PBXBuildFile; fileRef = 45E0A3CB2058F22600435F51 /* flickrTests.swift */; };
		45E0A3D72058F22600435F51 /* flickrUITests.swift in Sources */ = {isa = PBXBuildFile; fileRef = 45E0A3D62058F22600435F51 /* flickrUITests.swift */; };
		45F3D3A820758CCD005FD62C /* CustomImageView.swift in Sources */ = {isa = PBXBuildFile; fileRef = 45F3D3A720758CCD005FD62C /* CustomImageView.swift */; };
		45F3D3AB2075F7B6005FD62C /* SearchableCustomCollectionViewController.swift in Sources */ = {isa = PBXBuildFile; fileRef = 45F3D3AA2075F7B6005FD62C /* SearchableCustomCollectionViewController.swift */; };
		45F3D3AD207678B0005FD62C /* flicrCell.swift in Sources */ = {isa = PBXBuildFile; fileRef = 45F3D3AC207678B0005FD62C /* flicrCell.swift */; };
/* End PBXBuildFile section */

/* Begin PBXContainerItemProxy section */
		45E0A3C82058F22600435F51 /* PBXContainerItemProxy */ = {
			isa = PBXContainerItemProxy;
			containerPortal = 45E0A3AB2058F22600435F51 /* Project object */;
			proxyType = 1;
			remoteGlobalIDString = 45E0A3B22058F22600435F51;
			remoteInfo = flickr;
		};
		45E0A3D32058F22600435F51 /* PBXContainerItemProxy */ = {
			isa = PBXContainerItemProxy;
			containerPortal = 45E0A3AB2058F22600435F51 /* Project object */;
			proxyType = 1;
			remoteGlobalIDString = 45E0A3B22058F22600435F51;
			remoteInfo = flickr;
		};
/* End PBXContainerItemProxy section */

/* Begin PBXFileReference section */
		45201E482061B181008546E8 /* DetailViewController.swift */ = {isa = PBXFileReference; lastKnownFileType = sourcecode.swift; path = DetailViewController.swift; sourceTree = "<group>"; };
		45201E4A2061BF62008546E8 /* BaseClientAPI.swift */ = {isa = PBXFileReference; lastKnownFileType = sourcecode.swift; path = BaseClientAPI.swift; sourceTree = "<group>"; };
		45201E4C20621710008546E8 /* TMDBClient.swift */ = {isa = PBXFileReference; lastKnownFileType = sourcecode.swift; path = TMDBClient.swift; sourceTree = "<group>"; };
		452B5540205B815000CF8B05 /* PageCell.swift */ = {isa = PBXFileReference; lastKnownFileType = sourcecode.swift; path = PageCell.swift; sourceTree = "<group>"; };
		452B5542205B866400CF8B05 /* Page.swift */ = {isa = PBXFileReference; lastKnownFileType = sourcecode.swift; path = Page.swift; sourceTree = "<group>"; };
		453A170D2089010F0024135C /* TouchViewController.swift */ = {isa = PBXFileReference; lastKnownFileType = sourcecode.swift; path = TouchViewController.swift; sourceTree = "<group>"; };
		454D3FA0205B0DAC00B8777B /* TabBarController.swift */ = {isa = PBXFileReference; lastKnownFileType = sourcecode.swift; path = TabBarController.swift; sourceTree = "<group>"; };
		454D3FA2205B0FDD00B8777B /* CustomizedCollectionViewController.swift */ = {isa = PBXFileReference; lastKnownFileType = sourcecode.swift; path = CustomizedCollectionViewController.swift; sourceTree = "<group>"; };
		454D3FA4205B1C6100B8777B /* CustomizedCollectionViewCell.swift */ = {isa = PBXFileReference; lastKnownFileType = sourcecode.swift; path = CustomizedCollectionViewCell.swift; sourceTree = "<group>"; };
		454D3FA6205B2F2700B8777B /* DefaultPagingCollectionViewController.swift */ = {isa = PBXFileReference; lastKnownFileType = sourcecode.swift; path = DefaultPagingCollectionViewController.swift; sourceTree = "<group>"; };
		454D4CBE20718AE800F652EA /* DefaultHeaderFooterCollectionViewController.swift */ = {isa = PBXFileReference; lastKnownFileType = sourcecode.swift; path = DefaultHeaderFooterCollectionViewController.swift; sourceTree = "<group>"; };
		454D4CC220718E6500F652EA /* UserCell.swift */ = {isa = PBXFileReference; lastKnownFileType = sourcecode.swift; path = UserCell.swift; sourceTree = "<group>"; };
		454D4CCB2071AC1C00F652EA /* ColletionViewHeaderCell.swift */ = {isa = PBXFileReference; lastKnownFileType = sourcecode.swift; path = ColletionViewHeaderCell.swift; sourceTree = "<group>"; };
		454D4CCD2071B5CC00F652EA /* User.swift */ = {isa = PBXFileReference; lastKnownFileType = sourcecode.swift; path = User.swift; sourceTree = "<group>"; };
		45511B092071F6C4009363B1 /* DefaultTableViewController.swift */ = {isa = PBXFileReference; lastKnownFileType = sourcecode.swift; path = DefaultTableViewController.swift; sourceTree = "<group>"; };
		45511B0B2071F99C009363B1 /* CustomTableViewCell.swift */ = {isa = PBXFileReference; lastKnownFileType = sourcecode.swift; path = CustomTableViewCell.swift; sourceTree = "<group>"; };
		45511B0D20720B1B009363B1 /* CollectionViewFooterCell.swift */ = {isa = PBXFileReference; lastKnownFileType = sourcecode.swift; path = CollectionViewFooterCell.swift; sourceTree = "<group>"; };
		45511B0F2072229E009363B1 /* TweetCell.swift */ = {isa = PBXFileReference; lastKnownFileType = sourcecode.swift; path = TweetCell.swift; sourceTree = "<group>"; };
		45511B1120722D13009363B1 /* Tweet.swift */ = {isa = PBXFileReference; lastKnownFileType = sourcecode.swift; path = Tweet.swift; sourceTree = "<group>"; };
		45654ADD2063953400F27582 /* FlickrListViewController.swift */ = {isa = PBXFileReference; lastKnownFileType = sourcecode.swift; path = FlickrListViewController.swift; sourceTree = "<group>"; };
		45654ADF206397F900F27582 /* Monkey.swift */ = {isa = PBXFileReference; lastKnownFileType = sourcecode.swift; path = Monkey.swift; sourceTree = "<group>"; };
		45654AE12064469400F27582 /* MonkeyCell.swift */ = {isa = PBXFileReference; lastKnownFileType = sourcecode.swift; path = MonkeyCell.swift; sourceTree = "<group>"; };
		45654AE32064C35400F27582 /* FlickrConstants.swift */ = {isa = PBXFileReference; lastKnownFileType = sourcecode.swift; path = FlickrConstants.swift; sourceTree = "<group>"; };
		45DA53BB2073257F00FE17BA /* Service.swift */ = {isa = PBXFileReference; lastKnownFileType = sourcecode.swift; path = Service.swift; sourceTree = "<group>"; };
		45DA53BF2073FDDC00FE17BA /* CachedImageView.swift */ = {isa = PBXFileReference; lastKnownFileType = sourcecode.swift; path = CachedImageView.swift; sourceTree = "<group>"; };
		45DA53C12074151400FE17BA /* WebsiteRoot.swift */ = {isa = PBXFileReference; lastKnownFileType = sourcecode.swift; path = WebsiteRoot.swift; sourceTree = "<group>"; };
		45DA53C420749F2900FE17BA /* DefaultImageTableViewController.swift */ = {isa = PBXFileReference; lastKnownFileType = sourcecode.swift; path = DefaultImageTableViewController.swift; sourceTree = "<group>"; };
		45DA53C620749F9800FE17BA /* APIService.swift */ = {isa = PBXFileReference; lastKnownFileType = sourcecode.swift; path = APIService.swift; sourceTree = "<group>"; };
		45DA53C82074A40400FE17BA /* RootFlickrModel.swift */ = {isa = PBXFileReference; lastKnownFileType = sourcecode.swift; path = RootFlickrModel.swift; sourceTree = "<group>"; };
		45DA53CA2074A44F00FE17BA /* PhotoListModel.swift */ = {isa = PBXFileReference; lastKnownFileType = sourcecode.swift; path = PhotoListModel.swift; sourceTree = "<group>"; };
		45DA53CC2074A49A00FE17BA /* PhotoModel.swift */ = {isa = PBXFileReference; lastKnownFileType = sourcecode.swift; path = PhotoModel.swift; sourceTree = "<group>"; };
		45DA53CE2074AA5900FE17BA /* DefaultImageDetailViewController.swift */ = {isa = PBXFileReference; lastKnownFileType = sourcecode.swift; path = DefaultImageDetailViewController.swift; sourceTree = "<group>"; };
		45DA53D020756B4E00FE17BA /* CustomImageTableViewCell.swift */ = {isa = PBXFileReference; lastKnownFileType = sourcecode.swift; path = CustomImageTableViewCell.swift; sourceTree = "<group>"; };
		45E0A3B32058F22600435F51 /* flickr.app */ = {isa = PBXFileReference; explicitFileType = wrapper.application; includeInIndex = 0; path = flickr.app; sourceTree = BUILT_PRODUCTS_DIR; };
		45E0A3B62058F22600435F51 /* AppDelegate.swift */ = {isa = PBXFileReference; lastKnownFileType = sourcecode.swift; path = AppDelegate.swift; sourceTree = "<group>"; };
		45E0A3B82058F22600435F51 /* TableViewController.swift */ = {isa = PBXFileReference; lastKnownFileType = sourcecode.swift; path = TableViewController.swift; sourceTree = "<group>"; };
		45E0A3BB2058F22600435F51 /* Base */ = {isa = PBXFileReference; lastKnownFileType = file.storyboard; name = Base; path = Base.lproj/Main.storyboard; sourceTree = "<group>"; };
		45E0A3BD2058F22600435F51 /* Assets.xcassets */ = {isa = PBXFileReference; lastKnownFileType = folder.assetcatalog; path = Assets.xcassets; sourceTree = "<group>"; };
		45E0A3C02058F22600435F51 /* Base */ = {isa = PBXFileReference; lastKnownFileType = file.storyboard; name = Base; path = Base.lproj/LaunchScreen.storyboard; sourceTree = "<group>"; };
		45E0A3C22058F22600435F51 /* Info.plist */ = {isa = PBXFileReference; lastKnownFileType = text.plist.xml; path = Info.plist; sourceTree = "<group>"; };
		45E0A3C72058F22600435F51 /* flickrTests.xctest */ = {isa = PBXFileReference; explicitFileType = wrapper.cfbundle; includeInIndex = 0; path = flickrTests.xctest; sourceTree = BUILT_PRODUCTS_DIR; };
		45E0A3CB2058F22600435F51 /* flickrTests.swift */ = {isa = PBXFileReference; lastKnownFileType = sourcecode.swift; path = flickrTests.swift; sourceTree = "<group>"; };
		45E0A3CD2058F22600435F51 /* Info.plist */ = {isa = PBXFileReference; lastKnownFileType = text.plist.xml; path = Info.plist; sourceTree = "<group>"; };
		45E0A3D22058F22600435F51 /* flickrUITests.xctest */ = {isa = PBXFileReference; explicitFileType = wrapper.cfbundle; includeInIndex = 0; path = flickrUITests.xctest; sourceTree = BUILT_PRODUCTS_DIR; };
		45E0A3D62058F22600435F51 /* flickrUITests.swift */ = {isa = PBXFileReference; lastKnownFileType = sourcecode.swift; path = flickrUITests.swift; sourceTree = "<group>"; };
		45E0A3D82058F22600435F51 /* Info.plist */ = {isa = PBXFileReference; lastKnownFileType = text.plist.xml; path = Info.plist; sourceTree = "<group>"; };
		45F3D3A720758CCD005FD62C /* CustomImageView.swift */ = {isa = PBXFileReference; lastKnownFileType = sourcecode.swift; path = CustomImageView.swift; sourceTree = "<group>"; };
		45F3D3AA2075F7B6005FD62C /* SearchableCustomCollectionViewController.swift */ = {isa = PBXFileReference; lastKnownFileType = sourcecode.swift; path = SearchableCustomCollectionViewController.swift; sourceTree = "<group>"; };
		45F3D3AC207678B0005FD62C /* flicrCell.swift */ = {isa = PBXFileReference; lastKnownFileType = sourcecode.swift; path = flicrCell.swift; sourceTree = "<group>"; };
/* End PBXFileReference section */

/* Begin PBXFrameworksBuildPhase section */
		45E0A3B02058F22600435F51 /* Frameworks */ = {
			isa = PBXFrameworksBuildPhase;
			buildActionMask = 2147483647;
			files = (
			);
			runOnlyForDeploymentPostprocessing = 0;
		};
		45E0A3C42058F22600435F51 /* Frameworks */ = {
			isa = PBXFrameworksBuildPhase;
			buildActionMask = 2147483647;
			files = (
			);
			runOnlyForDeploymentPostprocessing = 0;
		};
		45E0A3CF2058F22600435F51 /* Frameworks */ = {
			isa = PBXFrameworksBuildPhase;
			buildActionMask = 2147483647;
			files = (
			);
			runOnlyForDeploymentPostprocessing = 0;
		};
/* End PBXFrameworksBuildPhase section */

/* Begin PBXGroup section */
		453A170C208900EF0024135C /* Touch */ = {
			isa = PBXGroup;
			children = (
				453A170D2089010F0024135C /* TouchViewController.swift */,
			);
			path = Touch;
			sourceTree = "<group>";
		};
		454D4CBD20718AC000F652EA /* DefaultCollectionViewController(Twitter) */ = {
			isa = PBXGroup;
			children = (
				454D4CC120718E4300F652EA /* HeaderFooter */,
				454D4CC020718E3400F652EA /* Paging */,
				45DA53BF2073FDDC00FE17BA /* CachedImageView.swift */,
			);
			path = "DefaultCollectionViewController(Twitter)";
			sourceTree = "<group>";
		};
		454D4CC020718E3400F652EA /* Paging */ = {
			isa = PBXGroup;
			children = (
				454D3FA6205B2F2700B8777B /* DefaultPagingCollectionViewController.swift */,
				452B5540205B815000CF8B05 /* PageCell.swift */,
				452B5542205B866400CF8B05 /* Page.swift */,
			);
			path = Paging;
			sourceTree = "<group>";
		};
		454D4CC120718E4300F652EA /* HeaderFooter */ = {
			isa = PBXGroup;
			children = (
				45DA53BA2073256C00FE17BA /* Service */,
				454D4CBE20718AE800F652EA /* DefaultHeaderFooterCollectionViewController.swift */,
				454D4CC220718E6500F652EA /* UserCell.swift */,
				454D4CCD2071B5CC00F652EA /* User.swift */,
				45511B0F2072229E009363B1 /* TweetCell.swift */,
				45511B1120722D13009363B1 /* Tweet.swift */,
				454D4CCB2071AC1C00F652EA /* ColletionViewHeaderCell.swift */,
				45511B0D20720B1B009363B1 /* CollectionViewFooterCell.swift */,
			);
			path = HeaderFooter;
			sourceTree = "<group>";
		};
		454D4CC420718FA000F652EA /* DefaultTableViewController */ = {
			isa = PBXGroup;
			children = (
				45511B092071F6C4009363B1 /* DefaultTableViewController.swift */,
				45511B0B2071F99C009363B1 /* CustomTableViewCell.swift */,
			);
			path = DefaultTableViewController;
			sourceTree = "<group>";
		};
		454D4CC620718FC100F652EA /* CustomTableViewController */ = {
			isa = PBXGroup;
			children = (
				45E0A3B82058F22600435F51 /* TableViewController.swift */,
			);
			path = CustomTableViewController;
			sourceTree = "<group>";
		};
		454D4CC72071900200F652EA /* CustomCollectionViewController */ = {
			isa = PBXGroup;
			children = (
				454D3FA2205B0FDD00B8777B /* CustomizedCollectionViewController.swift */,
				454D3FA4205B1C6100B8777B /* CustomizedCollectionViewCell.swift */,
			);
			path = CustomCollectionViewController;
			sourceTree = "<group>";
		};
		454D4CC92071902F00F652EA /* DefaultTabBarController */ = {
			isa = PBXGroup;
			children = (
				454D3FA0205B0DAC00B8777B /* TabBarController.swift */,
			);
			path = DefaultTabBarController;
			sourceTree = "<group>";
		};
		454D4CCA2071917300F652EA /* FlickrAPI+TableView */ = {
			isa = PBXGroup;
			children = (
				45201E482061B181008546E8 /* DetailViewController.swift */,
				45201E4A2061BF62008546E8 /* BaseClientAPI.swift */,
				45654AE32064C35400F27582 /* FlickrConstants.swift */,
				45654ADD2063953400F27582 /* FlickrListViewController.swift */,
				45654AE12064469400F27582 /* MonkeyCell.swift */,
				45654ADF206397F900F27582 /* Monkey.swift */,
			);
			path = "FlickrAPI+TableView";
			sourceTree = "<group>";
		};
		45DA53BA2073256C00FE17BA /* Service */ = {
			isa = PBXGroup;
			children = (
				45DA53BB2073257F00FE17BA /* Service.swift */,
				45DA53C12074151400FE17BA /* WebsiteRoot.swift */,
			);
			path = Service;
			sourceTree = "<group>";
		};
		45DA53C320749EE100FE17BA /* TableViewController(Flickr) */ = {
			isa = PBXGroup;
			children = (
				45DA53C420749F2900FE17BA /* DefaultImageTableViewController.swift */,
				45DA53D020756B4E00FE17BA /* CustomImageTableViewCell.swift */,
				45DA53CE2074AA5900FE17BA /* DefaultImageDetailViewController.swift */,
				45F3D3A720758CCD005FD62C /* CustomImageView.swift */,
				45DA53C82074A40400FE17BA /* RootFlickrModel.swift */,
				45DA53CA2074A44F00FE17BA /* PhotoListModel.swift */,
				45DA53CC2074A49A00FE17BA /* PhotoModel.swift */,
				45DA53C620749F9800FE17BA /* APIService.swift */,
			);
			path = "TableViewController(Flickr)";
			sourceTree = "<group>";
		};
		45E0A3AA2058F22600435F51 = {
			isa = PBXGroup;
			children = (
				45E0A3B52058F22600435F51 /* flickr */,
				45E0A3CA2058F22600435F51 /* flickrTests */,
				45E0A3D52058F22600435F51 /* flickrUITests */,
				45E0A3B42058F22600435F51 /* Products */,
			);
			sourceTree = "<group>";
		};
		45E0A3B42058F22600435F51 /* Products */ = {
			isa = PBXGroup;
			children = (
				45E0A3B32058F22600435F51 /* flickr.app */,
				45E0A3C72058F22600435F51 /* flickrTests.xctest */,
				45E0A3D22058F22600435F51 /* flickrUITests.xctest */,
			);
			name = Products;
			sourceTree = "<group>";
		};
		45E0A3B52058F22600435F51 /* flickr */ = {
			isa = PBXGroup;
			children = (
				453A170C208900EF0024135C /* Touch */,
				45F3D3A92075F718005FD62C /* SearchableCollectionViewController */,
				45DA53C320749EE100FE17BA /* TableViewController(Flickr) */,
				454D4CCA2071917300F652EA /* FlickrAPI+TableView */,
				454D4CC92071902F00F652EA /* DefaultTabBarController */,
				454D4CC72071900200F652EA /* CustomCollectionViewController */,
				454D4CC620718FC100F652EA /* CustomTableViewController */,
				454D4CC420718FA000F652EA /* DefaultTableViewController */,
				454D4CBD20718AC000F652EA /* DefaultCollectionViewController(Twitter) */,
				45E0A3B62058F22600435F51 /* AppDelegate.swift */,
				45201E4C20621710008546E8 /* TMDBClient.swift */,
				45E0A3BA2058F22600435F51 /* Main.storyboard */,
				45E0A3BD2058F22600435F51 /* Assets.xcassets */,
				45E0A3BF2058F22600435F51 /* LaunchScreen.storyboard */,
				45E0A3C22058F22600435F51 /* Info.plist */,
			);
			path = flickr;
			sourceTree = "<group>";
		};
		45E0A3CA2058F22600435F51 /* flickrTests */ = {
			isa = PBXGroup;
			children = (
				45E0A3CB2058F22600435F51 /* flickrTests.swift */,
				45E0A3CD2058F22600435F51 /* Info.plist */,
			);
			path = flickrTests;
			sourceTree = "<group>";
		};
		45E0A3D52058F22600435F51 /* flickrUITests */ = {
			isa = PBXGroup;
			children = (
				45E0A3D62058F22600435F51 /* flickrUITests.swift */,
				45E0A3D82058F22600435F51 /* Info.plist */,
			);
			path = flickrUITests;
			sourceTree = "<group>";
		};
		45F3D3A92075F718005FD62C /* SearchableCollectionViewController */ = {
			isa = PBXGroup;
			children = (
				45F3D3AA2075F7B6005FD62C /* SearchableCustomCollectionViewController.swift */,
				45F3D3AC207678B0005FD62C /* flicrCell.swift */,
			);
			path = SearchableCollectionViewController;
			sourceTree = "<group>";
		};
/* End PBXGroup section */

/* Begin PBXNativeTarget section */
		45E0A3B22058F22600435F51 /* flickr */ = {
			isa = PBXNativeTarget;
			buildConfigurationList = 45E0A3DB2058F22600435F51 /* Build configuration list for PBXNativeTarget "flickr" */;
			buildPhases = (
				45E0A3AF2058F22600435F51 /* Sources */,
				45E0A3B02058F22600435F51 /* Frameworks */,
				45E0A3B12058F22600435F51 /* Resources */,
			);
			buildRules = (
			);
			dependencies = (
			);
			name = flickr;
			productName = flickr;
			productReference = 45E0A3B32058F22600435F51 /* flickr.app */;
			productType = "com.apple.product-type.application";
		};
		45E0A3C62058F22600435F51 /* flickrTests */ = {
			isa = PBXNativeTarget;
			buildConfigurationList = 45E0A3DE2058F22600435F51 /* Build configuration list for PBXNativeTarget "flickrTests" */;
			buildPhases = (
				45E0A3C32058F22600435F51 /* Sources */,
				45E0A3C42058F22600435F51 /* Frameworks */,
				45E0A3C52058F22600435F51 /* Resources */,
			);
			buildRules = (
			);
			dependencies = (
				45E0A3C92058F22600435F51 /* PBXTargetDependency */,
			);
			name = flickrTests;
			productName = flickrTests;
			productReference = 45E0A3C72058F22600435F51 /* flickrTests.xctest */;
			productType = "com.apple.product-type.bundle.unit-test";
		};
		45E0A3D12058F22600435F51 /* flickrUITests */ = {
			isa = PBXNativeTarget;
			buildConfigurationList = 45E0A3E12058F22600435F51 /* Build configuration list for PBXNativeTarget "flickrUITests" */;
			buildPhases = (
				45E0A3CE2058F22600435F51 /* Sources */,
				45E0A3CF2058F22600435F51 /* Frameworks */,
				45E0A3D02058F22600435F51 /* Resources */,
			);
			buildRules = (
			);
			dependencies = (
				45E0A3D42058F22600435F51 /* PBXTargetDependency */,
			);
			name = flickrUITests;
			productName = flickrUITests;
			productReference = 45E0A3D22058F22600435F51 /* flickrUITests.xctest */;
			productType = "com.apple.product-type.bundle.ui-testing";
		};
/* End PBXNativeTarget section */

/* Begin PBXProject section */
		45E0A3AB2058F22600435F51 /* Project object */ = {
			isa = PBXProject;
			attributes = {
				LastSwiftUpdateCheck = 0920;
				LastUpgradeCheck = 0920;
				ORGANIZATIONNAME = "Daniel Kong";
				TargetAttributes = {
					45E0A3B22058F22600435F51 = {
						CreatedOnToolsVersion = 9.2;
						ProvisioningStyle = Automatic;
					};
					45E0A3C62058F22600435F51 = {
						CreatedOnToolsVersion = 9.2;
						ProvisioningStyle = Automatic;
						TestTargetID = 45E0A3B22058F22600435F51;
					};
					45E0A3D12058F22600435F51 = {
						CreatedOnToolsVersion = 9.2;
						ProvisioningStyle = Automatic;
						TestTargetID = 45E0A3B22058F22600435F51;
					};
				};
			};
			buildConfigurationList = 45E0A3AE2058F22600435F51 /* Build configuration list for PBXProject "flickr" */;
			compatibilityVersion = "Xcode 8.0";
			developmentRegion = en;
			hasScannedForEncodings = 0;
			knownRegions = (
				en,
				Base,
			);
			mainGroup = 45E0A3AA2058F22600435F51;
			productRefGroup = 45E0A3B42058F22600435F51 /* Products */;
			projectDirPath = "";
			projectRoot = "";
			targets = (
				45E0A3B22058F22600435F51 /* flickr */,
				45E0A3C62058F22600435F51 /* flickrTests */,
				45E0A3D12058F22600435F51 /* flickrUITests */,
			);
		};
/* End PBXProject section */

/* Begin PBXResourcesBuildPhase section */
		45E0A3B12058F22600435F51 /* Resources */ = {
			isa = PBXResourcesBuildPhase;
			buildActionMask = 2147483647;
			files = (
				45E0A3C12058F22600435F51 /* LaunchScreen.storyboard in Resources */,
				45E0A3BE2058F22600435F51 /* Assets.xcassets in Resources */,
				45E0A3BC2058F22600435F51 /* Main.storyboard in Resources */,
			);
			runOnlyForDeploymentPostprocessing = 0;
		};
		45E0A3C52058F22600435F51 /* Resources */ = {
			isa = PBXResourcesBuildPhase;
			buildActionMask = 2147483647;
			files = (
			);
			runOnlyForDeploymentPostprocessing = 0;
		};
		45E0A3D02058F22600435F51 /* Resources */ = {
			isa = PBXResourcesBuildPhase;
			buildActionMask = 2147483647;
			files = (
			);
			runOnlyForDeploymentPostprocessing = 0;
		};
/* End PBXResourcesBuildPhase section */

/* Begin PBXSourcesBuildPhase section */
		45E0A3AF2058F22600435F51 /* Sources */ = {
			isa = PBXSourcesBuildPhase;
			buildActionMask = 2147483647;
			files = (
				45DA53C22074151400FE17BA /* WebsiteRoot.swift in Sources */,
				45201E4D20621710008546E8 /* TMDBClient.swift in Sources */,
				453A170E2089010F0024135C /* TouchViewController.swift in Sources */,
				45DA53C720749F9800FE17BA /* APIService.swift in Sources */,
				45511B0E20720B1B009363B1 /* CollectionViewFooterCell.swift in Sources */,
				45DA53BC2073257F00FE17BA /* Service.swift in Sources */,
				45654AE42064C35400F27582 /* FlickrConstants.swift in Sources */,
				45DA53CD2074A49A00FE17BA /* PhotoModel.swift in Sources */,
				45201E492061B182008546E8 /* DetailViewController.swift in Sources */,
				45511B0C2071F99C009363B1 /* CustomTableViewCell.swift in Sources */,
				454D3FA3205B0FDD00B8777B /* CustomizedCollectionViewController.swift in Sources */,
				45DA53D120756B4E00FE17BA /* CustomImageTableViewCell.swift in Sources */,
				454D4CBF20718AE800F652EA /* DefaultHeaderFooterCollectionViewController.swift in Sources */,
				45DA53C92074A40400FE17BA /* RootFlickrModel.swift in Sources */,
				45654ADE2063953400F27582 /* FlickrListViewController.swift in Sources */,
				45E0A3B92058F22600435F51 /* TableViewController.swift in Sources */,
				452B5543205B866400CF8B05 /* Page.swift in Sources */,
				45F3D3AB2075F7B6005FD62C /* SearchableCustomCollectionViewController.swift in Sources */,
				454D3FA1205B0DAC00B8777B /* TabBarController.swift in Sources */,
				454D3FA5205B1C6100B8777B /* CustomizedCollectionViewCell.swift in Sources */,
				45201E4B2061BF62008546E8 /* BaseClientAPI.swift in Sources */,
				45654AE0206397F900F27582 /* Monkey.swift in Sources */,
				454D4CC320718E6500F652EA /* UserCell.swift in Sources */,
				45511B1220722D13009363B1 /* Tweet.swift in Sources */,
				45DA53CF2074AA5900FE17BA /* DefaultImageDetailViewController.swift in Sources */,
				454D3FA7205B2F2700B8777B /* DefaultPagingCollectionViewController.swift in Sources */,
				45F3D3AD207678B0005FD62C /* flicrCell.swift in Sources */,
				45F3D3A820758CCD005FD62C /* CustomImageView.swift in Sources */,
				45DA53C520749F2900FE17BA /* DefaultImageTableViewController.swift in Sources */,
				45DA53CB2074A44F00FE17BA /* PhotoListModel.swift in Sources */,
				45511B102072229E009363B1 /* TweetCell.swift in Sources */,
				45511B0A2071F6C4009363B1 /* DefaultTableViewController.swift in Sources */,
				45E0A3B72058F22600435F51 /* AppDelegate.swift in Sources */,
				454D4CCC2071AC1C00F652EA /* ColletionViewHeaderCell.swift in Sources */,
				45DA53C02073FDDC00FE17BA /* CachedImageView.swift in Sources */,
				45654AE22064469400F27582 /* MonkeyCell.swift in Sources */,
				452B5541205B815000CF8B05 /* PageCell.swift in Sources */,
				454D4CCE2071B5CC00F652EA /* User.swift in Sources */,
			);
			runOnlyForDeploymentPostprocessing = 0;
		};
		45E0A3C32058F22600435F51 /* Sources */ = {
			isa = PBXSourcesBuildPhase;
			buildActionMask = 2147483647;
			files = (
				45E0A3CC2058F22600435F51 /* flickrTests.swift in Sources */,
			);
			runOnlyForDeploymentPostprocessing = 0;
		};
		45E0A3CE2058F22600435F51 /* Sources */ = {
			isa = PBXSourcesBuildPhase;
			buildActionMask = 2147483647;
			files = (
				45E0A3D72058F22600435F51 /* flickrUITests.swift in Sources */,
			);
			runOnlyForDeploymentPostprocessing = 0;
		};
/* End PBXSourcesBuildPhase section */

/* Begin PBXTargetDependency section */
		45E0A3C92058F22600435F51 /* PBXTargetDependency */ = {
			isa = PBXTargetDependency;
			target = 45E0A3B22058F22600435F51 /* flickr */;
			targetProxy = 45E0A3C82058F22600435F51 /* PBXContainerItemProxy */;
		};
		45E0A3D42058F22600435F51 /* PBXTargetDependency */ = {
			isa = PBXTargetDependency;
			target = 45E0A3B22058F22600435F51 /* flickr */;
			targetProxy = 45E0A3D32058F22600435F51 /* PBXContainerItemProxy */;
		};
/* End PBXTargetDependency section */

/* Begin PBXVariantGroup section */
		45E0A3BA2058F22600435F51 /* Main.storyboard */ = {
			isa = PBXVariantGroup;
			children = (
				45E0A3BB2058F22600435F51 /* Base */,
			);
			name = Main.storyboard;
			sourceTree = "<group>";
		};
		45E0A3BF2058F22600435F51 /* LaunchScreen.storyboard */ = {
			isa = PBXVariantGroup;
			children = (
				45E0A3C02058F22600435F51 /* Base */,
			);
			name = LaunchScreen.storyboard;
			sourceTree = "<group>";
		};
/* End PBXVariantGroup section */

/* Begin XCBuildConfiguration section */
		45E0A3D92058F22600435F51 /* Debug */ = {
			isa = XCBuildConfiguration;
			buildSettings = {
				ALWAYS_SEARCH_USER_PATHS = NO;
				CLANG_ANALYZER_NONNULL = YES;
				CLANG_ANALYZER_NUMBER_OBJECT_CONVERSION = YES_AGGRESSIVE;
				CLANG_CXX_LANGUAGE_STANDARD = "gnu++14";
				CLANG_CXX_LIBRARY = "libc++";
				CLANG_ENABLE_MODULES = YES;
				CLANG_ENABLE_OBJC_ARC = YES;
				CLANG_WARN_BLOCK_CAPTURE_AUTORELEASING = YES;
				CLANG_WARN_BOOL_CONVERSION = YES;
				CLANG_WARN_COMMA = YES;
				CLANG_WARN_CONSTANT_CONVERSION = YES;
				CLANG_WARN_DIRECT_OBJC_ISA_USAGE = YES_ERROR;
				CLANG_WARN_DOCUMENTATION_COMMENTS = YES;
				CLANG_WARN_EMPTY_BODY = YES;
				CLANG_WARN_ENUM_CONVERSION = YES;
				CLANG_WARN_INFINITE_RECURSION = YES;
				CLANG_WARN_INT_CONVERSION = YES;
				CLANG_WARN_NON_LITERAL_NULL_CONVERSION = YES;
				CLANG_WARN_OBJC_LITERAL_CONVERSION = YES;
				CLANG_WARN_OBJC_ROOT_CLASS = YES_ERROR;
				CLANG_WARN_RANGE_LOOP_ANALYSIS = YES;
				CLANG_WARN_STRICT_PROTOTYPES = YES;
				CLANG_WARN_SUSPICIOUS_MOVE = YES;
				CLANG_WARN_UNGUARDED_AVAILABILITY = YES_AGGRESSIVE;
				CLANG_WARN_UNREACHABLE_CODE = YES;
				CLANG_WARN__DUPLICATE_METHOD_MATCH = YES;
				CODE_SIGN_IDENTITY = "iPhone Developer";
				COPY_PHASE_STRIP = NO;
				DEBUG_INFORMATION_FORMAT = dwarf;
				ENABLE_STRICT_OBJC_MSGSEND = YES;
				ENABLE_TESTABILITY = YES;
				GCC_C_LANGUAGE_STANDARD = gnu11;
				GCC_DYNAMIC_NO_PIC = NO;
				GCC_NO_COMMON_BLOCKS = YES;
				GCC_OPTIMIZATION_LEVEL = 0;
				GCC_PREPROCESSOR_DEFINITIONS = (
					"DEBUG=1",
					"$(inherited)",
				);
				GCC_WARN_64_TO_32_BIT_CONVERSION = YES;
				GCC_WARN_ABOUT_RETURN_TYPE = YES_ERROR;
				GCC_WARN_UNDECLARED_SELECTOR = YES;
				GCC_WARN_UNINITIALIZED_AUTOS = YES_AGGRESSIVE;
				GCC_WARN_UNUSED_FUNCTION = YES;
				GCC_WARN_UNUSED_VARIABLE = YES;
				IPHONEOS_DEPLOYMENT_TARGET = 11.2;
				MTL_ENABLE_DEBUG_INFO = YES;
				ONLY_ACTIVE_ARCH = YES;
				SDKROOT = iphoneos;
				SWIFT_ACTIVE_COMPILATION_CONDITIONS = DEBUG;
				SWIFT_OPTIMIZATION_LEVEL = "-Onone";
				SWIFT_VERSION = 4.0;
			};
			name = Debug;
		};
		45E0A3DA2058F22600435F51 /* Release */ = {
			isa = XCBuildConfiguration;
			buildSettings = {
				ALWAYS_SEARCH_USER_PATHS = NO;
				CLANG_ANALYZER_NONNULL = YES;
				CLANG_ANALYZER_NUMBER_OBJECT_CONVERSION = YES_AGGRESSIVE;
				CLANG_CXX_LANGUAGE_STANDARD = "gnu++14";
				CLANG_CXX_LIBRARY = "libc++";
				CLANG_ENABLE_MODULES = YES;
				CLANG_ENABLE_OBJC_ARC = YES;
				CLANG_WARN_BLOCK_CAPTURE_AUTORELEASING = YES;
				CLANG_WARN_BOOL_CONVERSION = YES;
				CLANG_WARN_COMMA = YES;
				CLANG_WARN_CONSTANT_CONVERSION = YES;
				CLANG_WARN_DIRECT_OBJC_ISA_USAGE = YES_ERROR;
				CLANG_WARN_DOCUMENTATION_COMMENTS = YES;
				CLANG_WARN_EMPTY_BODY = YES;
				CLANG_WARN_ENUM_CONVERSION = YES;
				CLANG_WARN_INFINITE_RECURSION = YES;
				CLANG_WARN_INT_CONVERSION = YES;
				CLANG_WARN_NON_LITERAL_NULL_CONVERSION = YES;
				CLANG_WARN_OBJC_LITERAL_CONVERSION = YES;
				CLANG_WARN_OBJC_ROOT_CLASS = YES_ERROR;
				CLANG_WARN_RANGE_LOOP_ANALYSIS = YES;
				CLANG_WARN_STRICT_PROTOTYPES = YES;
				CLANG_WARN_SUSPICIOUS_MOVE = YES;
				CLANG_WARN_UNGUARDED_AVAILABILITY = YES_AGGRESSIVE;
				CLANG_WARN_UNREACHABLE_CODE = YES;
				CLANG_WARN__DUPLICATE_METHOD_MATCH = YES;
				CODE_SIGN_IDENTITY = "iPhone Developer";
				COPY_PHASE_STRIP = NO;
				DEBUG_INFORMATION_FORMAT = "dwarf-with-dsym";
				ENABLE_NS_ASSERTIONS = NO;
				ENABLE_STRICT_OBJC_MSGSEND = YES;
				GCC_C_LANGUAGE_STANDARD = gnu11;
				GCC_NO_COMMON_BLOCKS = YES;
				GCC_WARN_64_TO_32_BIT_CONVERSION = YES;
				GCC_WARN_ABOUT_RETURN_TYPE = YES_ERROR;
				GCC_WARN_UNDECLARED_SELECTOR = YES;
				GCC_WARN_UNINITIALIZED_AUTOS = YES_AGGRESSIVE;
				GCC_WARN_UNUSED_FUNCTION = YES;
				GCC_WARN_UNUSED_VARIABLE = YES;
				IPHONEOS_DEPLOYMENT_TARGET = 11.2;
				MTL_ENABLE_DEBUG_INFO = NO;
				SDKROOT = iphoneos;
				SWIFT_OPTIMIZATION_LEVEL = "-Owholemodule";
				SWIFT_VERSION = 4.0;
				VALIDATE_PRODUCT = YES;
			};
			name = Release;
		};
		45E0A3DC2058F22600435F51 /* Debug */ = {
			isa = XCBuildConfiguration;
			buildSettings = {
				ASSETCATALOG_COMPILER_APPICON_NAME = AppIcon;
				CODE_SIGN_STYLE = Automatic;
				DEVELOPMENT_TEAM = H7YKRRPU95;
				INFOPLIST_FILE = flickr/Info.plist;
				LD_RUNPATH_SEARCH_PATHS = "$(inherited) @executable_path/Frameworks";
				PRODUCT_BUNDLE_IDENTIFIER = com.dkong.flickr;
				PRODUCT_NAME = "$(TARGET_NAME)";
				SWIFT_VERSION = 4.0;
				TARGETED_DEVICE_FAMILY = "1,2";
			};
			name = Debug;
		};
		45E0A3DD2058F22600435F51 /* Release */ = {
			isa = XCBuildConfiguration;
			buildSettings = {
				ASSETCATALOG_COMPILER_APPICON_NAME = AppIcon;
				CODE_SIGN_STYLE = Automatic;
				DEVELOPMENT_TEAM = H7YKRRPU95;
				INFOPLIST_FILE = flickr/Info.plist;
				LD_RUNPATH_SEARCH_PATHS = "$(inherited) @executable_path/Frameworks";
				PRODUCT_BUNDLE_IDENTIFIER = com.dkong.flickr;
				PRODUCT_NAME = "$(TARGET_NAME)";
				SWIFT_VERSION = 4.0;
				TARGETED_DEVICE_FAMILY = "1,2";
			};
			name = Release;
		};
		45E0A3DF2058F22600435F51 /* Debug */ = {
			isa = XCBuildConfiguration;
			buildSettings = {
				ALWAYS_EMBED_SWIFT_STANDARD_LIBRARIES = YES;
				BUNDLE_LOADER = "$(TEST_HOST)";
				CODE_SIGN_STYLE = Automatic;
				DEVELOPMENT_TEAM = H7YKRRPU95;
				INFOPLIST_FILE = flickrTests/Info.plist;
				LD_RUNPATH_SEARCH_PATHS = "$(inherited) @executable_path/Frameworks @loader_path/Frameworks";
				PRODUCT_BUNDLE_IDENTIFIER = com.dkong.flickrTests;
				PRODUCT_NAME = "$(TARGET_NAME)";
				SWIFT_VERSION = 4.0;
				TARGETED_DEVICE_FAMILY = "1,2";
				TEST_HOST = "$(BUILT_PRODUCTS_DIR)/flickr.app/flickr";
			};
			name = Debug;
		};
		45E0A3E02058F22600435F51 /* Release */ = {
			isa = XCBuildConfiguration;
			buildSettings = {
				ALWAYS_EMBED_SWIFT_STANDARD_LIBRARIES = YES;
				BUNDLE_LOADER = "$(TEST_HOST)";
				CODE_SIGN_STYLE = Automatic;
				DEVELOPMENT_TEAM = H7YKRRPU95;
				INFOPLIST_FILE = flickrTests/Info.plist;
				LD_RUNPATH_SEARCH_PATHS = "$(inherited) @executable_path/Frameworks @loader_path/Frameworks";
				PRODUCT_BUNDLE_IDENTIFIER = com.dkong.flickrTests;
				PRODUCT_NAME = "$(TARGET_NAME)";
				SWIFT_VERSION = 4.0;
				TARGETED_DEVICE_FAMILY = "1,2";
				TEST_HOST = "$(BUILT_PRODUCTS_DIR)/flickr.app/flickr";
			};
			name = Release;
		};
		45E0A3E22058F22600435F51 /* Debug */ = {
			isa = XCBuildConfiguration;
			buildSettings = {
				ALWAYS_EMBED_SWIFT_STANDARD_LIBRARIES = YES;
				CODE_SIGN_STYLE = Automatic;
				DEVELOPMENT_TEAM = H7YKRRPU95;
				INFOPLIST_FILE = flickrUITests/Info.plist;
				LD_RUNPATH_SEARCH_PATHS = "$(inherited) @executable_path/Frameworks @loader_path/Frameworks";
				PRODUCT_BUNDLE_IDENTIFIER = com.dkong.flickrUITests;
				PRODUCT_NAME = "$(TARGET_NAME)";
				SWIFT_VERSION = 4.0;
				TARGETED_DEVICE_FAMILY = "1,2";
				TEST_TARGET_NAME = flickr;
			};
			name = Debug;
		};
		45E0A3E32058F22600435F51 /* Release */ = {
			isa = XCBuildConfiguration;
			buildSettings = {
				ALWAYS_EMBED_SWIFT_STANDARD_LIBRARIES = YES;
				CODE_SIGN_STYLE = Automatic;
				DEVELOPMENT_TEAM = H7YKRRPU95;
				INFOPLIST_FILE = flickrUITests/Info.plist;
				LD_RUNPATH_SEARCH_PATHS = "$(inherited) @executable_path/Frameworks @loader_path/Frameworks";
				PRODUCT_BUNDLE_IDENTIFIER = com.dkong.flickrUITests;
				PRODUCT_NAME = "$(TARGET_NAME)";
				SWIFT_VERSION = 4.0;
				TARGETED_DEVICE_FAMILY = "1,2";
				TEST_TARGET_NAME = flickr;
			};
			name = Release;
		};
/* End XCBuildConfiguration section */

/* Begin XCConfigurationList section */
		45E0A3AE2058F22600435F51 /* Build configuration list for PBXProject "flickr" */ = {
			isa = XCConfigurationList;
			buildConfigurations = (
				45E0A3D92058F22600435F51 /* Debug */,
				45E0A3DA2058F22600435F51 /* Release */,
			);
			defaultConfigurationIsVisible = 0;
			defaultConfigurationName = Release;
		};
		45E0A3DB2058F22600435F51 /* Build configuration list for PBXNativeTarget "flickr" */ = {
			isa = XCConfigurationList;
			buildConfigurations = (
				45E0A3DC2058F22600435F51 /* Debug */,
				45E0A3DD2058F22600435F51 /* Release */,
			);
			defaultConfigurationIsVisible = 0;
			defaultConfigurationName = Release;
		};
		45E0A3DE2058F22600435F51 /* Build configuration list for PBXNativeTarget "flickrTests" */ = {
			isa = XCConfigurationList;
			buildConfigurations = (
				45E0A3DF2058F22600435F51 /* Debug */,
				45E0A3E02058F22600435F51 /* Release */,
			);
			defaultConfigurationIsVisible = 0;
			defaultConfigurationName = Release;
		};
		45E0A3E12058F22600435F51 /* Build configuration list for PBXNativeTarget "flickrUITests" */ = {
			isa = XCConfigurationList;
			buildConfigurations = (
				45E0A3E22058F22600435F51 /* Debug */,
				45E0A3E32058F22600435F51 /* Release */,
			);
			defaultConfigurationIsVisible = 0;
			defaultConfigurationName = Release;
		};
/* End XCConfigurationList section */
	};
	rootObject = 45E0A3AB2058F22600435F51 /* Project object */;
}
