// !$*UTF8*$!
{
	archiveVersion = 1;
	classes = {
	};
	objectVersion = 50;
	objects = {

/* Begin PBXBuildFile section */
		4525DEC920B4848300FFD601 /* AppDelegate.swift in Sources */ = {isa = PBXBuildFile; fileRef = 4525DEC820B4848300FFD601 /* AppDelegate.swift */; };
		4525DECB20B4848300FFD601 /* ViewController.swift in Sources */ = {isa = PBXBuildFile; fileRef = 4525DECA20B4848300FFD601 /* ViewController.swift */; };
		4525DECE20B4848300FFD601 /* Main.storyboard in Resources */ = {isa = PBXBuildFile; fileRef = 4525DECC20B4848300FFD601 /* Main.storyboard */; };
		4525DED020B4848400FFD601 /* Assets.xcassets in Resources */ = {isa = PBXBuildFile; fileRef = 4525DECF20B4848400FFD601 /* Assets.xcassets */; };
		4525DED320B4848400FFD601 /* LaunchScreen.storyboard in Resources */ = {isa = PBXBuildFile; fileRef = 4525DED120B4848400FFD601 /* LaunchScreen.storyboard */; };
		4525DEDE20B4848400FFD601 /* May22Tests.swift in Sources */ = {isa = PBXBuildFile; fileRef = 4525DEDD20B4848400FFD601 /* May22Tests.swift */; };
		4525DEE920B4848400FFD601 /* May22UITests.swift in Sources */ = {isa = PBXBuildFile; fileRef = 4525DEE820B4848400FFD601 /* May22UITests.swift */; };
		4525DEF720B484BB00FFD601 /* Jack_Johnson.json in Resources */ = {isa = PBXBuildFile; fileRef = 4525DEF620B484BA00FFD601 /* Jack_Johnson.json */; };
		4525DF0320B6163E00FFD601 /* Root.swift in Sources */ = {isa = PBXBuildFile; fileRef = 4525DF0220B6163E00FFD601 /* Root.swift */; };
		4525DF0520B6167400FFD601 /* Person.swift in Sources */ = {isa = PBXBuildFile; fileRef = 4525DF0420B6167400FFD601 /* Person.swift */; };
		4525DF0720B6181D00FFD601 /* UIImageView+Loading.swift in Sources */ = {isa = PBXBuildFile; fileRef = 4525DF0620B6181D00FFD601 /* UIImageView+Loading.swift */; };
		4525DF0920B61DAD00FFD601 /* PersonListViewModel.swift in Sources */ = {isa = PBXBuildFile; fileRef = 4525DF0820B61DAD00FFD601 /* PersonListViewModel.swift */; };
/* End PBXBuildFile section */

/* Begin PBXContainerItemProxy section */
		4525DEDA20B4848400FFD601 /* PBXContainerItemProxy */ = {
			isa = PBXContainerItemProxy;
			containerPortal = 4525DEBD20B4848300FFD601 /* Project object */;
			proxyType = 1;
			remoteGlobalIDString = 4525DEC420B4848300FFD601;
			remoteInfo = May22;
		};
		4525DEE520B4848400FFD601 /* PBXContainerItemProxy */ = {
			isa = PBXContainerItemProxy;
			containerPortal = 4525DEBD20B4848300FFD601 /* Project object */;
			proxyType = 1;
			remoteGlobalIDString = 4525DEC420B4848300FFD601;
			remoteInfo = May22;
		};
/* End PBXContainerItemProxy section */

/* Begin PBXFileReference section */
		4525DEC520B4848300FFD601 /* May22.app */ = {isa = PBXFileReference; explicitFileType = wrapper.application; includeInIndex = 0; path = May22.app; sourceTree = BUILT_PRODUCTS_DIR; };
		4525DEC820B4848300FFD601 /* AppDelegate.swift */ = {isa = PBXFileReference; lastKnownFileType = sourcecode.swift; path = AppDelegate.swift; sourceTree = "<group>"; };
		4525DECA20B4848300FFD601 /* ViewController.swift */ = {isa = PBXFileReference; lastKnownFileType = sourcecode.swift; path = ViewController.swift; sourceTree = "<group>"; };
		4525DECD20B4848300FFD601 /* Base */ = {isa = PBXFileReference; lastKnownFileType = file.storyboard; name = Base; path = Base.lproj/Main.storyboard; sourceTree = "<group>"; };
		4525DECF20B4848400FFD601 /* Assets.xcassets */ = {isa = PBXFileReference; lastKnownFileType = folder.assetcatalog; path = Assets.xcassets; sourceTree = "<group>"; };
		4525DED220B4848400FFD601 /* Base */ = {isa = PBXFileReference; lastKnownFileType = file.storyboard; name = Base; path = Base.lproj/LaunchScreen.storyboard; sourceTree = "<group>"; };
		4525DED420B4848400FFD601 /* Info.plist */ = {isa = PBXFileReference; lastKnownFileType = text.plist.xml; path = Info.plist; sourceTree = "<group>"; };
		4525DED920B4848400FFD601 /* May22Tests.xctest */ = {isa = PBXFileReference; explicitFileType = wrapper.cfbundle; includeInIndex = 0; path = May22Tests.xctest; sourceTree = BUILT_PRODUCTS_DIR; };
		4525DEDD20B4848400FFD601 /* May22Tests.swift */ = {isa = PBXFileReference; lastKnownFileType = sourcecode.swift; path = May22Tests.swift; sourceTree = "<group>"; };
		4525DEDF20B4848400FFD601 /* Info.plist */ = {isa = PBXFileReference; lastKnownFileType = text.plist.xml; path = Info.plist; sourceTree = "<group>"; };
		4525DEE420B4848400FFD601 /* May22UITests.xctest */ = {isa = PBXFileReference; explicitFileType = wrapper.cfbundle; includeInIndex = 0; path = May22UITests.xctest; sourceTree = BUILT_PRODUCTS_DIR; };
		4525DEE820B4848400FFD601 /* May22UITests.swift */ = {isa = PBXFileReference; lastKnownFileType = sourcecode.swift; path = May22UITests.swift; sourceTree = "<group>"; };
		4525DEEA20B4848400FFD601 /* Info.plist */ = {isa = PBXFileReference; lastKnownFileType = text.plist.xml; path = Info.plist; sourceTree = "<group>"; };
		4525DEF620B484BA00FFD601 /* Jack_Johnson.json */ = {isa = PBXFileReference; fileEncoding = 4; lastKnownFileType = text.json; path = Jack_Johnson.json; sourceTree = "<group>"; };
		4525DF0220B6163E00FFD601 /* Root.swift */ = {isa = PBXFileReference; lastKnownFileType = sourcecode.swift; path = Root.swift; sourceTree = "<group>"; };
		4525DF0420B6167400FFD601 /* Person.swift */ = {isa = PBXFileReference; lastKnownFileType = sourcecode.swift; path = Person.swift; sourceTree = "<group>"; };
		4525DF0620B6181D00FFD601 /* UIImageView+Loading.swift */ = {isa = PBXFileReference; lastKnownFileType = sourcecode.swift; path = "UIImageView+Loading.swift"; sourceTree = "<group>"; };
		4525DF0820B61DAD00FFD601 /* PersonListViewModel.swift */ = {isa = PBXFileReference; lastKnownFileType = sourcecode.swift; path = PersonListViewModel.swift; sourceTree = "<group>"; };
/* End PBXFileReference section */

/* Begin PBXFrameworksBuildPhase section */
		4525DEC220B4848300FFD601 /* Frameworks */ = {
			isa = PBXFrameworksBuildPhase;
			buildActionMask = 2147483647;
			files = (
			);
			runOnlyForDeploymentPostprocessing = 0;
		};
		4525DED620B4848400FFD601 /* Frameworks */ = {
			isa = PBXFrameworksBuildPhase;
			buildActionMask = 2147483647;
			files = (
			);
			runOnlyForDeploymentPostprocessing = 0;
		};
		4525DEE120B4848400FFD601 /* Frameworks */ = {
			isa = PBXFrameworksBuildPhase;
			buildActionMask = 2147483647;
			files = (
			);
			runOnlyForDeploymentPostprocessing = 0;
		};
/* End PBXFrameworksBuildPhase section */

/* Begin PBXGroup section */
		4525DEBC20B4848300FFD601 = {
			isa = PBXGroup;
			children = (
				4525DEC720B4848300FFD601 /* May22 */,
				4525DEDC20B4848400FFD601 /* May22Tests */,
				4525DEE720B4848400FFD601 /* May22UITests */,
				4525DEC620B4848300FFD601 /* Products */,
			);
			sourceTree = "<group>";
		};
		4525DEC620B4848300FFD601 /* Products */ = {
			isa = PBXGroup;
			children = (
				4525DEC520B4848300FFD601 /* May22.app */,
				4525DED920B4848400FFD601 /* May22Tests.xctest */,
				4525DEE420B4848400FFD601 /* May22UITests.xctest */,
			);
			name = Products;
			sourceTree = "<group>";
		};
		4525DEC720B4848300FFD601 /* May22 */ = {
			isa = PBXGroup;
			children = (
				4525DEC820B4848300FFD601 /* AppDelegate.swift */,
				4525DECA20B4848300FFD601 /* ViewController.swift */,
				4525DF0820B61DAD00FFD601 /* PersonListViewModel.swift */,
				4525DF0620B6181D00FFD601 /* UIImageView+Loading.swift */,
				4525DF0220B6163E00FFD601 /* Root.swift */,
				4525DF0420B6167400FFD601 /* Person.swift */,
				4525DECC20B4848300FFD601 /* Main.storyboard */,
				4525DECF20B4848400FFD601 /* Assets.xcassets */,
				4525DED120B4848400FFD601 /* LaunchScreen.storyboard */,
				4525DED420B4848400FFD601 /* Info.plist */,
				4525DEF620B484BA00FFD601 /* Jack_Johnson.json */,
			);
			path = May22;
			sourceTree = "<group>";
		};
		4525DEDC20B4848400FFD601 /* May22Tests */ = {
			isa = PBXGroup;
			children = (
				4525DEDD20B4848400FFD601 /* May22Tests.swift */,
				4525DEDF20B4848400FFD601 /* Info.plist */,
			);
			path = May22Tests;
			sourceTree = "<group>";
		};
		4525DEE720B4848400FFD601 /* May22UITests */ = {
			isa = PBXGroup;
			children = (
				4525DEE820B4848400FFD601 /* May22UITests.swift */,
				4525DEEA20B4848400FFD601 /* Info.plist */,
			);
			path = May22UITests;
			sourceTree = "<group>";
		};
/* End PBXGroup section */

/* Begin PBXNativeTarget section */
		4525DEC420B4848300FFD601 /* May22 */ = {
			isa = PBXNativeTarget;
			buildConfigurationList = 4525DEED20B4848400FFD601 /* Build configuration list for PBXNativeTarget "May22" */;
			buildPhases = (
				4525DEC120B4848300FFD601 /* Sources */,
				4525DEC220B4848300FFD601 /* Frameworks */,
				4525DEC320B4848300FFD601 /* Resources */,
			);
			buildRules = (
			);
			dependencies = (
			);
			name = May22;
			productName = May22;
			productReference = 4525DEC520B4848300FFD601 /* May22.app */;
			productType = "com.apple.product-type.application";
		};
		4525DED820B4848400FFD601 /* May22Tests */ = {
			isa = PBXNativeTarget;
			buildConfigurationList = 4525DEF020B4848400FFD601 /* Build configuration list for PBXNativeTarget "May22Tests" */;
			buildPhases = (
				4525DED520B4848400FFD601 /* Sources */,
				4525DED620B4848400FFD601 /* Frameworks */,
				4525DED720B4848400FFD601 /* Resources */,
			);
			buildRules = (
			);
			dependencies = (
				4525DEDB20B4848400FFD601 /* PBXTargetDependency */,
			);
			name = May22Tests;
			productName = May22Tests;
			productReference = 4525DED920B4848400FFD601 /* May22Tests.xctest */;
			productType = "com.apple.product-type.bundle.unit-test";
		};
		4525DEE320B4848400FFD601 /* May22UITests */ = {
			isa = PBXNativeTarget;
			buildConfigurationList = 4525DEF320B4848400FFD601 /* Build configuration list for PBXNativeTarget "May22UITests" */;
			buildPhases = (
				4525DEE020B4848400FFD601 /* Sources */,
				4525DEE120B4848400FFD601 /* Frameworks */,
				4525DEE220B4848400FFD601 /* Resources */,
			);
			buildRules = (
			);
			dependencies = (
				4525DEE620B4848400FFD601 /* PBXTargetDependency */,
			);
			name = May22UITests;
			productName = May22UITests;
			productReference = 4525DEE420B4848400FFD601 /* May22UITests.xctest */;
			productType = "com.apple.product-type.bundle.ui-testing";
		};
/* End PBXNativeTarget section */

/* Begin PBXProject section */
		4525DEBD20B4848300FFD601 /* Project object */ = {
			isa = PBXProject;
			attributes = {
				LastSwiftUpdateCheck = 0930;
				LastUpgradeCheck = 0930;
				ORGANIZATIONNAME = "Daniel Kong";
				TargetAttributes = {
					4525DEC420B4848300FFD601 = {
						CreatedOnToolsVersion = 9.3;
					};
					4525DED820B4848400FFD601 = {
						CreatedOnToolsVersion = 9.3;
						TestTargetID = 4525DEC420B4848300FFD601;
					};
					4525DEE320B4848400FFD601 = {
						CreatedOnToolsVersion = 9.3;
						TestTargetID = 4525DEC420B4848300FFD601;
					};
				};
			};
			buildConfigurationList = 4525DEC020B4848300FFD601 /* Build configuration list for PBXProject "May22" */;
			compatibilityVersion = "Xcode 9.3";
			developmentRegion = en;
			hasScannedForEncodings = 0;
			knownRegions = (
				en,
				Base,
			);
			mainGroup = 4525DEBC20B4848300FFD601;
			productRefGroup = 4525DEC620B4848300FFD601 /* Products */;
			projectDirPath = "";
			projectRoot = "";
			targets = (
				4525DEC420B4848300FFD601 /* May22 */,
				4525DED820B4848400FFD601 /* May22Tests */,
				4525DEE320B4848400FFD601 /* May22UITests */,
			);
		};
/* End PBXProject section */

/* Begin PBXResourcesBuildPhase section */
		4525DEC320B4848300FFD601 /* Resources */ = {
			isa = PBXResourcesBuildPhase;
			buildActionMask = 2147483647;
			files = (
				4525DEF720B484BB00FFD601 /* Jack_Johnson.json in Resources */,
				4525DED320B4848400FFD601 /* LaunchScreen.storyboard in Resources */,
				4525DED020B4848400FFD601 /* Assets.xcassets in Resources */,
				4525DECE20B4848300FFD601 /* Main.storyboard in Resources */,
			);
			runOnlyForDeploymentPostprocessing = 0;
		};
		4525DED720B4848400FFD601 /* Resources */ = {
			isa = PBXResourcesBuildPhase;
			buildActionMask = 2147483647;
			files = (
			);
			runOnlyForDeploymentPostprocessing = 0;
		};
		4525DEE220B4848400FFD601 /* Resources */ = {
			isa = PBXResourcesBuildPhase;
			buildActionMask = 2147483647;
			files = (
			);
			runOnlyForDeploymentPostprocessing = 0;
		};
/* End PBXResourcesBuildPhase section */

/* Begin PBXSourcesBuildPhase section */
		4525DEC120B4848300FFD601 /* Sources */ = {
			isa = PBXSourcesBuildPhase;
			buildActionMask = 2147483647;
			files = (
				4525DECB20B4848300FFD601 /* ViewController.swift in Sources */,
				4525DEC920B4848300FFD601 /* AppDelegate.swift in Sources */,
				4525DF0520B6167400FFD601 /* Person.swift in Sources */,
				4525DF0320B6163E00FFD601 /* Root.swift in Sources */,
				4525DF0720B6181D00FFD601 /* UIImageView+Loading.swift in Sources */,
				4525DF0920B61DAD00FFD601 /* PersonListViewModel.swift in Sources */,
			);
			runOnlyForDeploymentPostprocessing = 0;
		};
		4525DED520B4848400FFD601 /* Sources */ = {
			isa = PBXSourcesBuildPhase;
			buildActionMask = 2147483647;
			files = (
				4525DEDE20B4848400FFD601 /* May22Tests.swift in Sources */,
			);
			runOnlyForDeploymentPostprocessing = 0;
		};
		4525DEE020B4848400FFD601 /* Sources */ = {
			isa = PBXSourcesBuildPhase;
			buildActionMask = 2147483647;
			files = (
				4525DEE920B4848400FFD601 /* May22UITests.swift in Sources */,
			);
			runOnlyForDeploymentPostprocessing = 0;
		};
/* End PBXSourcesBuildPhase section */

/* Begin PBXTargetDependency section */
		4525DEDB20B4848400FFD601 /* PBXTargetDependency */ = {
			isa = PBXTargetDependency;
			target = 4525DEC420B4848300FFD601 /* May22 */;
			targetProxy = 4525DEDA20B4848400FFD601 /* PBXContainerItemProxy */;
		};
		4525DEE620B4848400FFD601 /* PBXTargetDependency */ = {
			isa = PBXTargetDependency;
			target = 4525DEC420B4848300FFD601 /* May22 */;
			targetProxy = 4525DEE520B4848400FFD601 /* PBXContainerItemProxy */;
		};
/* End PBXTargetDependency section */

/* Begin PBXVariantGroup section */
		4525DECC20B4848300FFD601 /* Main.storyboard */ = {
			isa = PBXVariantGroup;
			children = (
				4525DECD20B4848300FFD601 /* Base */,
			);
			name = Main.storyboard;
			sourceTree = "<group>";
		};
		4525DED120B4848400FFD601 /* LaunchScreen.storyboard */ = {
			isa = PBXVariantGroup;
			children = (
				4525DED220B4848400FFD601 /* Base */,
			);
			name = LaunchScreen.storyboard;
			sourceTree = "<group>";
		};
/* End PBXVariantGroup section */

/* Begin XCBuildConfiguration section */
		4525DEEB20B4848400FFD601 /* Debug */ = {
			isa = XCBuildConfiguration;
			buildSettings = {
				ALWAYS_SEARCH_USER_PATHS = NO;
				CLANG_ANALYZER_NONNULL = YES;
				CLANG_ANALYZER_NUMBER_OBJECT_CONVERSION = YES_AGGRESSIVE;
				CLANG_CXX_LANGUAGE_STANDARD = "gnu++14";
				CLANG_CXX_LIBRARY = "libc++";
				CLANG_ENABLE_MODULES = YES;
				CLANG_ENABLE_OBJC_ARC = YES;
				CLANG_ENABLE_OBJC_WEAK = YES;
				CLANG_WARN_BLOCK_CAPTURE_AUTORELEASING = YES;
				CLANG_WARN_BOOL_CONVERSION = YES;
				CLANG_WARN_COMMA = YES;
				CLANG_WARN_CONSTANT_CONVERSION = YES;
				CLANG_WARN_DEPRECATED_OBJC_IMPLEMENTATIONS = YES;
				CLANG_WARN_DIRECT_OBJC_ISA_USAGE = YES_ERROR;
				CLANG_WARN_DOCUMENTATION_COMMENTS = YES;
				CLANG_WARN_EMPTY_BODY = YES;
				CLANG_WARN_ENUM_CONVERSION = YES;
				CLANG_WARN_INFINITE_RECURSION = YES;
				CLANG_WARN_INT_CONVERSION = YES;
				CLANG_WARN_NON_LITERAL_NULL_CONVERSION = YES;
				CLANG_WARN_OBJC_IMPLICIT_RETAIN_SELF = YES;
				CLANG_WARN_OBJC_LITERAL_CONVERSION = YES;
				CLANG_WARN_OBJC_ROOT_CLASS = YES_ERROR;
				CLANG_WARN_RANGE_LOOP_ANALYSIS = YES;
				CLANG_WARN_STRICT_PROTOTYPES = YES;
				CLANG_WARN_SUSPICIOUS_MOVE = YES;
				CLANG_WARN_UNGUARDED_AVAILABILITY = YES_AGGRESSIVE;
				CLANG_WARN_UNREACHABLE_CODE = YES;
				CLANG_WARN__DUPLICATE_METHOD_MATCH = YES;
				CODE_SIGN_IDENTITY = "iPhone Developer";
				COPY_PHASE_STRIP = NO;
				DEBUG_INFORMATION_FORMAT = dwarf;
				ENABLE_STRICT_OBJC_MSGSEND = YES;
				ENABLE_TESTABILITY = YES;
				GCC_C_LANGUAGE_STANDARD = gnu11;
				GCC_DYNAMIC_NO_PIC = NO;
				GCC_NO_COMMON_BLOCKS = YES;
				GCC_OPTIMIZATION_LEVEL = 0;
				GCC_PREPROCESSOR_DEFINITIONS = (
					"DEBUG=1",
					"$(inherited)",
				);
				GCC_WARN_64_TO_32_BIT_CONVERSION = YES;
				GCC_WARN_ABOUT_RETURN_TYPE = YES_ERROR;
				GCC_WARN_UNDECLARED_SELECTOR = YES;
				GCC_WARN_UNINITIALIZED_AUTOS = YES_AGGRESSIVE;
				GCC_WARN_UNUSED_FUNCTION = YES;
				GCC_WARN_UNUSED_VARIABLE = YES;
				IPHONEOS_DEPLOYMENT_TARGET = 11.3;
				MTL_ENABLE_DEBUG_INFO = YES;
				ONLY_ACTIVE_ARCH = YES;
				SDKROOT = iphoneos;
				SWIFT_ACTIVE_COMPILATION_CONDITIONS = DEBUG;
				SWIFT_OPTIMIZATION_LEVEL = "-Onone";
			};
			name = Debug;
		};
		4525DEEC20B4848400FFD601 /* Release */ = {
			isa = XCBuildConfiguration;
			buildSettings = {
				ALWAYS_SEARCH_USER_PATHS = NO;
				CLANG_ANALYZER_NONNULL = YES;
				CLANG_ANALYZER_NUMBER_OBJECT_CONVERSION = YES_AGGRESSIVE;
				CLANG_CXX_LANGUAGE_STANDARD = "gnu++14";
				CLANG_CXX_LIBRARY = "libc++";
				CLANG_ENABLE_MODULES = YES;
				CLANG_ENABLE_OBJC_ARC = YES;
				CLANG_ENABLE_OBJC_WEAK = YES;
				CLANG_WARN_BLOCK_CAPTURE_AUTORELEASING = YES;
				CLANG_WARN_BOOL_CONVERSION = YES;
				CLANG_WARN_COMMA = YES;
				CLANG_WARN_CONSTANT_CONVERSION = YES;
				CLANG_WARN_DEPRECATED_OBJC_IMPLEMENTATIONS = YES;
				CLANG_WARN_DIRECT_OBJC_ISA_USAGE = YES_ERROR;
				CLANG_WARN_DOCUMENTATION_COMMENTS = YES;
				CLANG_WARN_EMPTY_BODY = YES;
				CLANG_WARN_ENUM_CONVERSION = YES;
				CLANG_WARN_INFINITE_RECURSION = YES;
				CLANG_WARN_INT_CONVERSION = YES;
				CLANG_WARN_NON_LITERAL_NULL_CONVERSION = YES;
				CLANG_WARN_OBJC_IMPLICIT_RETAIN_SELF = YES;
				CLANG_WARN_OBJC_LITERAL_CONVERSION = YES;
				CLANG_WARN_OBJC_ROOT_CLASS = YES_ERROR;
				CLANG_WARN_RANGE_LOOP_ANALYSIS = YES;
				CLANG_WARN_STRICT_PROTOTYPES = YES;
				CLANG_WARN_SUSPICIOUS_MOVE = YES;
				CLANG_WARN_UNGUARDED_AVAILABILITY = YES_AGGRESSIVE;
				CLANG_WARN_UNREACHABLE_CODE = YES;
				CLANG_WARN__DUPLICATE_METHOD_MATCH = YES;
				CODE_SIGN_IDENTITY = "iPhone Developer";
				COPY_PHASE_STRIP = NO;
				DEBUG_INFORMATION_FORMAT = "dwarf-with-dsym";
				ENABLE_NS_ASSERTIONS = NO;
				ENABLE_STRICT_OBJC_MSGSEND = YES;
				GCC_C_LANGUAGE_STANDARD = gnu11;
				GCC_NO_COMMON_BLOCKS = YES;
				GCC_WARN_64_TO_32_BIT_CONVERSION = YES;
				GCC_WARN_ABOUT_RETURN_TYPE = YES_ERROR;
				GCC_WARN_UNDECLARED_SELECTOR = YES;
				GCC_WARN_UNINITIALIZED_AUTOS = YES_AGGRESSIVE;
				GCC_WARN_UNUSED_FUNCTION = YES;
				GCC_WARN_UNUSED_VARIABLE = YES;
				IPHONEOS_DEPLOYMENT_TARGET = 11.3;
				MTL_ENABLE_DEBUG_INFO = NO;
				SDKROOT = iphoneos;
				SWIFT_COMPILATION_MODE = wholemodule;
				SWIFT_OPTIMIZATION_LEVEL = "-O";
				VALIDATE_PRODUCT = YES;
			};
			name = Release;
		};
		4525DEEE20B4848400FFD601 /* Debug */ = {
			isa = XCBuildConfiguration;
			buildSettings = {
				ASSETCATALOG_COMPILER_APPICON_NAME = AppIcon;
				CODE_SIGN_STYLE = Automatic;
				DEVELOPMENT_TEAM = H7YKRRPU95;
				INFOPLIST_FILE = May22/Info.plist;
				LD_RUNPATH_SEARCH_PATHS = (
					"$(inherited)",
					"@executable_path/Frameworks",
				);
				PRODUCT_BUNDLE_IDENTIFIER = com.dkong.May22;
				PRODUCT_NAME = "$(TARGET_NAME)";
				SWIFT_VERSION = 4.0;
				TARGETED_DEVICE_FAMILY = "1,2";
			};
			name = Debug;
		};
		4525DEEF20B4848400FFD601 /* Release */ = {
			isa = XCBuildConfiguration;
			buildSettings = {
				ASSETCATALOG_COMPILER_APPICON_NAME = AppIcon;
				CODE_SIGN_STYLE = Automatic;
				DEVELOPMENT_TEAM = H7YKRRPU95;
				INFOPLIST_FILE = May22/Info.plist;
				LD_RUNPATH_SEARCH_PATHS = (
					"$(inherited)",
					"@executable_path/Frameworks",
				);
				PRODUCT_BUNDLE_IDENTIFIER = com.dkong.May22;
				PRODUCT_NAME = "$(TARGET_NAME)";
				SWIFT_VERSION = 4.0;
				TARGETED_DEVICE_FAMILY = "1,2";
			};
			name = Release;
		};
		4525DEF120B4848400FFD601 /* Debug */ = {
			isa = XCBuildConfiguration;
			buildSettings = {
				ALWAYS_EMBED_SWIFT_STANDARD_LIBRARIES = YES;
				BUNDLE_LOADER = "$(TEST_HOST)";
				CODE_SIGN_STYLE = Automatic;
				DEVELOPMENT_TEAM = H7YKRRPU95;
				INFOPLIST_FILE = May22Tests/Info.plist;
				LD_RUNPATH_SEARCH_PATHS = (
					"$(inherited)",
					"@executable_path/Frameworks",
					"@loader_path/Frameworks",
				);
				PRODUCT_BUNDLE_IDENTIFIER = com.dkong.May22Tests;
				PRODUCT_NAME = "$(TARGET_NAME)";
				SWIFT_VERSION = 4.0;
				TARGETED_DEVICE_FAMILY = "1,2";
				TEST_HOST = "$(BUILT_PRODUCTS_DIR)/May22.app/May22";
			};
			name = Debug;
		};
		4525DEF220B4848400FFD601 /* Release */ = {
			isa = XCBuildConfiguration;
			buildSettings = {
				ALWAYS_EMBED_SWIFT_STANDARD_LIBRARIES = YES;
				BUNDLE_LOADER = "$(TEST_HOST)";
				CODE_SIGN_STYLE = Automatic;
				DEVELOPMENT_TEAM = H7YKRRPU95;
				INFOPLIST_FILE = May22Tests/Info.plist;
				LD_RUNPATH_SEARCH_PATHS = (
					"$(inherited)",
					"@executable_path/Frameworks",
					"@loader_path/Frameworks",
				);
				PRODUCT_BUNDLE_IDENTIFIER = com.dkong.May22Tests;
				PRODUCT_NAME = "$(TARGET_NAME)";
				SWIFT_VERSION = 4.0;
				TARGETED_DEVICE_FAMILY = "1,2";
				TEST_HOST = "$(BUILT_PRODUCTS_DIR)/May22.app/May22";
			};
			name = Release;
		};
		4525DEF420B4848400FFD601 /* Debug */ = {
			isa = XCBuildConfiguration;
			buildSettings = {
				ALWAYS_EMBED_SWIFT_STANDARD_LIBRARIES = YES;
				CODE_SIGN_STYLE = Automatic;
				DEVELOPMENT_TEAM = H7YKRRPU95;
				INFOPLIST_FILE = May22UITests/Info.plist;
				LD_RUNPATH_SEARCH_PATHS = (
					"$(inherited)",
					"@executable_path/Frameworks",
					"@loader_path/Frameworks",
				);
				PRODUCT_BUNDLE_IDENTIFIER = com.dkong.May22UITests;
				PRODUCT_NAME = "$(TARGET_NAME)";
				SWIFT_VERSION = 4.0;
				TARGETED_DEVICE_FAMILY = "1,2";
				TEST_TARGET_NAME = May22;
			};
			name = Debug;
		};
		4525DEF520B4848400FFD601 /* Release */ = {
			isa = XCBuildConfiguration;
			buildSettings = {
				ALWAYS_EMBED_SWIFT_STANDARD_LIBRARIES = YES;
				CODE_SIGN_STYLE = Automatic;
				DEVELOPMENT_TEAM = H7YKRRPU95;
				INFOPLIST_FILE = May22UITests/Info.plist;
				LD_RUNPATH_SEARCH_PATHS = (
					"$(inherited)",
					"@executable_path/Frameworks",
					"@loader_path/Frameworks",
				);
				PRODUCT_BUNDLE_IDENTIFIER = com.dkong.May22UITests;
				PRODUCT_NAME = "$(TARGET_NAME)";
				SWIFT_VERSION = 4.0;
				TARGETED_DEVICE_FAMILY = "1,2";
				TEST_TARGET_NAME = May22;
			};
			name = Release;
		};
/* End XCBuildConfiguration section */

/* Begin XCConfigurationList section */
		4525DEC020B4848300FFD601 /* Build configuration list for PBXProject "May22" */ = {
			isa = XCConfigurationList;
			buildConfigurations = (
				4525DEEB20B4848400FFD601 /* Debug */,
				4525DEEC20B4848400FFD601 /* Release */,
			);
			defaultConfigurationIsVisible = 0;
			defaultConfigurationName = Release;
		};
		4525DEED20B4848400FFD601 /* Build configuration list for PBXNativeTarget "May22" */ = {
			isa = XCConfigurationList;
			buildConfigurations = (
				4525DEEE20B4848400FFD601 /* Debug */,
				4525DEEF20B4848400FFD601 /* Release */,
			);
			defaultConfigurationIsVisible = 0;
			defaultConfigurationName = Release;
		};
		4525DEF020B4848400FFD601 /* Build configuration list for PBXNativeTarget "May22Tests" */ = {
			isa = XCConfigurationList;
			buildConfigurations = (
				4525DEF120B4848400FFD601 /* Debug */,
				4525DEF220B4848400FFD601 /* Release */,
			);
			defaultConfigurationIsVisible = 0;
			defaultConfigurationName = Release;
		};
		4525DEF320B4848400FFD601 /* Build configuration list for PBXNativeTarget "May22UITests" */ = {
			isa = XCConfigurationList;
			buildConfigurations = (
				4525DEF420B4848400FFD601 /* Debug */,
				4525DEF520B4848400FFD601 /* Release */,
			);
			defaultConfigurationIsVisible = 0;
			defaultConfigurationName = Release;
		};
/* End XCConfigurationList section */
	};
	rootObject = 4525DEBD20B4848300FFD601 /* Project object */;
}
